// !$*UTF8*$!
{
	archiveVersion = 1;
	classes = {
	};
	objectVersion = 46;
	objects = {

/* Begin PBXAggregateTarget section */
		19CAEACCDB374DDAAAC1D7BD /* install */ = {
			isa = PBXAggregateTarget;
			buildConfigurationList = 35E6AA32428B458EB5BE7EED /* Build configuration list for PBXAggregateTarget "install" */;
			buildPhases = (
				0E0950C7C98E422689193EC8 /* CMake PostBuild Rules */,
			);
			dependencies = (
				41AFD723544249AFB9CFC875 /* PBXTargetDependency */,
			);
			name = install;
			productName = install;
		};
		272DAE89527246C69E78044E /* ALL_BUILD */ = {
			isa = PBXAggregateTarget;
			buildConfigurationList = EBBF7C935370490080CFFF9B /* Build configuration list for PBXAggregateTarget "ALL_BUILD" */;
			buildPhases = (
				D0ACC28F9DE1417B92C4541E /* CMake Rules */,
			);
			dependencies = (
				30248A39FB214F33BCC5B95E /* PBXTargetDependency */,
				5276CBE1AEC149A68A8BD0D9 /* PBXTargetDependency */,
				715B65E93FFE409390770653 /* PBXTargetDependency */,
			);
			name = ALL_BUILD;
			productName = ALL_BUILD;
		};
		2A0FF4224108453FAB331C13 /* uninstall */ = {
			isa = PBXAggregateTarget;
			buildConfigurationList = 8BE73B264BE9453B87746E01 /* Build configuration list for PBXAggregateTarget "uninstall" */;
			buildPhases = (
				797DCF32BDD0456784B0B2FA /* CMake Rules */,
			);
			dependencies = (
			);
			name = uninstall;
			productName = uninstall;
		};
		C1ED5B7D95E044698F3925E3 /* ZERO_CHECK */ = {
			isa = PBXAggregateTarget;
			buildConfigurationList = 191FA6E3F62842AC9CA279CA /* Build configuration list for PBXAggregateTarget "ZERO_CHECK" */;
			buildPhases = (
				F3972043735E4896ABB2F189 /* CMake Rules */,
			);
			dependencies = (
			);
			name = ZERO_CHECK;
			productName = ZERO_CHECK;
		};
/* End PBXAggregateTarget section */

/* Begin PBXBuildFile section */
		01ADDD107E3E41E9BEFBBBF7 /* iokit_joystick.m in Sources */ = {isa = PBXBuildFile; fileRef = B77DD12F9C244503B7F53DC9 /* iokit_joystick.m */; settings = {COMPILER_FLAGS = ""; }; };
		1551E8F4EA2746A198775A87 /* context.c in Sources */ = {isa = PBXBuildFile; fileRef = 5ED0B23EF9904ACCB6BF86CE /* context.c */; settings = {COMPILER_FLAGS = ""; }; };
		1CA117B5F4B94600BD096DC7 /* input.c in Sources */ = {isa = PBXBuildFile; fileRef = 4D1002573DC64EC79DF0974D /* input.c */; settings = {COMPILER_FLAGS = ""; }; };
		320F7D90A6BA44F89096D6BB /* MatrixStack.cpp in Sources */ = {isa = PBXBuildFile; fileRef = CD165ABBD6114F5C8A62AF00 /* MatrixStack.cpp */; settings = {COMPILER_FLAGS = ""; }; };
		35EC9D066ABD4866ABE2C7E9 /* window.c in Sources */ = {isa = PBXBuildFile; fileRef = 2B84A42F42B048C2AA25A3C1 /* window.c */; settings = {COMPILER_FLAGS = ""; }; };
		3AC90257D7704EEE8E04C3EA /* nsgl_context.m in Sources */ = {isa = PBXBuildFile; fileRef = 4B5E5FDC463D4E3086472BCB /* nsgl_context.m */; settings = {COMPILER_FLAGS = ""; }; };
		436093F919D24C8B93C2DC54 /* GLSL.cpp in Sources */ = {isa = PBXBuildFile; fileRef = D1CCA4BCC47E45058F19B931 /* GLSL.cpp */; settings = {COMPILER_FLAGS = ""; }; };
		46AE5AD6A1AA4EC0931B0E1A /* monitor.c in Sources */ = {isa = PBXBuildFile; fileRef = D409786C67424C4A976670B5 /* monitor.c */; settings = {COMPILER_FLAGS = ""; }; };
		5584C3B396C6486AA5482A23 /* cocoa_init.m in Sources */ = {isa = PBXBuildFile; fileRef = 0F58926BDE3241D19125FD2A /* cocoa_init.m */; settings = {COMPILER_FLAGS = ""; }; };
		7273628E62FA40EDB0E77BDB /* init.c in Sources */ = {isa = PBXBuildFile; fileRef = 47FC8417A0904E5381FE6CE6 /* init.c */; settings = {COMPILER_FLAGS = ""; }; };
		8DB0C1C4A74F49058893456D /* posix_tls.c in Sources */ = {isa = PBXBuildFile; fileRef = DC65D97DD761448DB2F952F4 /* posix_tls.c */; settings = {COMPILER_FLAGS = ""; }; };
		938603B043AF467ABB42E033 /* Shape.cpp in Sources */ = {isa = PBXBuildFile; fileRef = 044212540727422D8DC176E7 /* Shape.cpp */; settings = {COMPILER_FLAGS = ""; }; };
		A8B3F927760B4E80BE2CF4BA /* cocoa_window.m in Sources */ = {isa = PBXBuildFile; fileRef = D0E7AB10B8CD4DD8A93B0BCD /* cocoa_window.m */; settings = {COMPILER_FLAGS = ""; }; };
		AC3ABB1864A14556BBAD5745 /* Camera.cpp in Sources */ = {isa = PBXBuildFile; fileRef = C11D0AA9429A453783E97DED /* Camera.cpp */; settings = {COMPILER_FLAGS = ""; }; };
		AE88297447E8406B8B89ECCC /* Program.cpp in Sources */ = {isa = PBXBuildFile; fileRef = BE75E8255E2D4BBCB19A2FFC /* Program.cpp */; settings = {COMPILER_FLAGS = ""; }; };
		B0CE1F9D40C741968E2FBDCE /* mach_time.c in Sources */ = {isa = PBXBuildFile; fileRef = C404BC33F4C740E8A28BA029 /* mach_time.c */; settings = {COMPILER_FLAGS = ""; }; };
		D1CBFBE87F754BAE8B35F9B5 /* cocoa_monitor.m in Sources */ = {isa = PBXBuildFile; fileRef = 529F14F787B547A0AFC730A7 /* cocoa_monitor.m */; settings = {COMPILER_FLAGS = ""; }; };
		DDF8252CBDFA409EABD73454 /* main.cpp in Sources */ = {isa = PBXBuildFile; fileRef = 52A84EB454844956A7A0EC45 /* main.cpp */; settings = {COMPILER_FLAGS = ""; }; };
/* End PBXBuildFile section */

/* Begin PBXContainerItemProxy section */
		086D95E270904D428480E192 /* PBXContainerItemProxy */ = {
			isa = PBXContainerItemProxy;
			containerPortal = 31354B9E35AE4D3CA2503D8F /* Project object */;
			proxyType = 1;
			remoteGlobalIDString = 272DAE89527246C69E78044E;
			remoteInfo = ALL_BUILD;
		};
		324A59526C7E49DE885231D7 /* PBXContainerItemProxy */ = {
			isa = PBXContainerItemProxy;
			containerPortal = 31354B9E35AE4D3CA2503D8F /* Project object */;
			proxyType = 1;
			remoteGlobalIDString = C1ED5B7D95E044698F3925E3;
			remoteInfo = ZERO_CHECK;
		};
		4954375322D74033AF9EDB60 /* PBXContainerItemProxy */ = {
			isa = PBXContainerItemProxy;
			containerPortal = 31354B9E35AE4D3CA2503D8F /* Project object */;
			proxyType = 1;
			remoteGlobalIDString = 4C2BD46C208C4070A039A70E;
			remoteInfo = Asgn2;
		};
		4B5826C8454B448BB501F8F0 /* PBXContainerItemProxy */ = {
			isa = PBXContainerItemProxy;
			containerPortal = 31354B9E35AE4D3CA2503D8F /* Project object */;
			proxyType = 1;
			remoteGlobalIDString = C1ED5B7D95E044698F3925E3;
			remoteInfo = ZERO_CHECK;
		};
		C9DB8F21666A4492965227FC /* PBXContainerItemProxy */ = {
			isa = PBXContainerItemProxy;
			containerPortal = 31354B9E35AE4D3CA2503D8F /* Project object */;
			proxyType = 1;
			remoteGlobalIDString = 738578CE78EB443C8E175D8F;
			remoteInfo = glfw;
		};
		CB04AB1DCAAF4BF38DBC8178 /* PBXContainerItemProxy */ = {
			isa = PBXContainerItemProxy;
			containerPortal = 31354B9E35AE4D3CA2503D8F /* Project object */;
			proxyType = 1;
			remoteGlobalIDString = 738578CE78EB443C8E175D8F;
			remoteInfo = glfw;
		};
/* End PBXContainerItemProxy section */

/* Begin PBXFileReference section */
		044212540727422D8DC176E7 /* Shape.cpp */ = {isa = PBXFileReference; explicitFileType = sourcecode.cpp.cpp; fileEncoding = 4; name = Shape.cpp; path = src/Shape.cpp; sourceTree = SOURCE_ROOT; };
		0F58926BDE3241D19125FD2A /* cocoa_init.m */ = {isa = PBXFileReference; explicitFileType = sourcecode.c.objc; fileEncoding = 4; name = cocoa_init.m; path = "../deps/glfw-3.1.2/src/cocoa_init.m"; sourceTree = SOURCE_ROOT; };
		18CEE2A1766B4780B5EC3062 /* internal.h */ = {isa = PBXFileReference; explicitFileType = sourcecode.c.h; fileEncoding = 4; name = internal.h; path = "../deps/glfw-3.1.2/src/internal.h"; sourceTree = SOURCE_ROOT; };
		1B8613472B1B40049AFB50F9 /* GLSL.h */ = {isa = PBXFileReference; explicitFileType = sourcecode.c.h; fileEncoding = 4; name = GLSL.h; path = src/GLSL.h; sourceTree = SOURCE_ROOT; };
		1DED93FB94074815920117ED /* CMakeLists.txt */ = {isa = PBXFileReference; explicitFileType = sourcecode.text; fileEncoding = 4; lastKnownFileType = text; path = CMakeLists.txt; sourceTree = SOURCE_ROOT; };
		2B84A42F42B048C2AA25A3C1 /* window.c */ = {isa = PBXFileReference; explicitFileType = sourcecode.c.c; fileEncoding = 4; name = window.c; path = "../deps/glfw-3.1.2/src/window.c"; sourceTree = SOURCE_ROOT; };
		3138A837E8244677842C4022 /* Program.h */ = {isa = PBXFileReference; explicitFileType = sourcecode.c.h; fileEncoding = 4; name = Program.h; path = src/Program.h; sourceTree = SOURCE_ROOT; };
		324A662FE1BF48F49BE9A4E8 /* CMakeLists.txt */ = {isa = PBXFileReference; explicitFileType = sourcecode.text; fileEncoding = 4; lastKnownFileType = text; path = CMakeLists.txt; sourceTree = SOURCE_ROOT; };
		47FC8417A0904E5381FE6CE6 /* init.c */ = {isa = PBXFileReference; explicitFileType = sourcecode.c.c; fileEncoding = 4; name = init.c; path = "../deps/glfw-3.1.2/src/init.c"; sourceTree = SOURCE_ROOT; };
		4B5E5FDC463D4E3086472BCB /* nsgl_context.m */ = {isa = PBXFileReference; explicitFileType = sourcecode.c.objc; fileEncoding = 4; name = nsgl_context.m; path = "../deps/glfw-3.1.2/src/nsgl_context.m"; sourceTree = SOURCE_ROOT; };
		4D1002573DC64EC79DF0974D /* input.c */ = {isa = PBXFileReference; explicitFileType = sourcecode.c.c; fileEncoding = 4; name = input.c; path = "../deps/glfw-3.1.2/src/input.c"; sourceTree = SOURCE_ROOT; };
		4FB34E64E2D74AD0B67A89A1 /* glfw3.h */ = {isa = PBXFileReference; explicitFileType = sourcecode.c.h; fileEncoding = 4; name = glfw3.h; path = "../deps/glfw-3.1.2/include/GLFW/glfw3.h"; sourceTree = SOURCE_ROOT; };
		529F14F787B547A0AFC730A7 /* cocoa_monitor.m */ = {isa = PBXFileReference; explicitFileType = sourcecode.c.objc; fileEncoding = 4; name = cocoa_monitor.m; path = "../deps/glfw-3.1.2/src/cocoa_monitor.m"; sourceTree = SOURCE_ROOT; };
		52A84EB454844956A7A0EC45 /* main.cpp */ = {isa = PBXFileReference; explicitFileType = sourcecode.cpp.cpp; fileEncoding = 4; name = main.cpp; path = src/main.cpp; sourceTree = SOURCE_ROOT; };
		5BE72ECC2C764DC7AE4BC15E /* Asgn2 */ = {isa = PBXFileReference; explicitFileType = "compiled.mach-o.executable"; path = Asgn2; sourceTree = BUILT_PRODUCTS_DIR; };
		5ED0B23EF9904ACCB6BF86CE /* context.c */ = {isa = PBXFileReference; explicitFileType = sourcecode.c.c; fileEncoding = 4; name = context.c; path = "../deps/glfw-3.1.2/src/context.c"; sourceTree = SOURCE_ROOT; };
		63A7F4B5069246B8877BDB19 /* nsgl_context.h */ = {isa = PBXFileReference; explicitFileType = sourcecode.c.h; fileEncoding = 4; name = nsgl_context.h; path = "../deps/glfw-3.1.2/src/nsgl_context.h"; sourceTree = SOURCE_ROOT; };
		72D67EEF98564F98822E5C4A /* glfw3native.h */ = {isa = PBXFileReference; explicitFileType = sourcecode.c.h; fileEncoding = 4; name = glfw3native.h; path = "../deps/glfw-3.1.2/include/GLFW/glfw3native.h"; sourceTree = SOURCE_ROOT; };
		74BEBEF4C7C04F5F86D70936 /* simple_frag.glsl */ = {isa = PBXFileReference; explicitFileType = sourcecode; fileEncoding = 4; name = simple_frag.glsl; path = resources/simple_frag.glsl; sourceTree = SOURCE_ROOT; };
		7E383BB628334E8F8B933A58 /* tiny_obj_loader.h */ = {isa = PBXFileReference; explicitFileType = sourcecode.c.h; fileEncoding = 4; name = tiny_obj_loader.h; path = src/tiny_obj_loader.h; sourceTree = SOURCE_ROOT; };
		A3EE9C8D407C451AB363B903 /* MatrixStack.h */ = {isa = PBXFileReference; explicitFileType = sourcecode.c.h; fileEncoding = 4; name = MatrixStack.h; path = src/MatrixStack.h; sourceTree = SOURCE_ROOT; };
		B479F08D6D6F4AFA932B8050 /* CMakeLists.txt */ = {isa = PBXFileReference; explicitFileType = sourcecode.text; fileEncoding = 4; lastKnownFileType = text; name = CMakeLists.txt; path = "../deps/glfw-3.1.2/CMakeLists.txt"; sourceTree = SOURCE_ROOT; };
		B56A156B42754511BAD4CB06 /* simple_vert.glsl */ = {isa = PBXFileReference; explicitFileType = sourcecode; fileEncoding = 4; name = simple_vert.glsl; path = resources/simple_vert.glsl; sourceTree = SOURCE_ROOT; };
		B77DD12F9C244503B7F53DC9 /* iokit_joystick.m */ = {isa = PBXFileReference; explicitFileType = sourcecode.c.objc; fileEncoding = 4; name = iokit_joystick.m; path = "../deps/glfw-3.1.2/src/iokit_joystick.m"; sourceTree = SOURCE_ROOT; };
		BBC78FFE2CC647B1B25639F3 /* Camera.h */ = {isa = PBXFileReference; explicitFileType = sourcecode.c.h; fileEncoding = 4; name = Camera.h; path = src/Camera.h; sourceTree = SOURCE_ROOT; };
		BE06565FFBCD48B1A4409B20 /* glfw_config.h */ = {isa = PBXFileReference; explicitFileType = sourcecode.c.h; fileEncoding = 4; name = glfw_config.h; path = "../deps/glfw-3.1.2/debug/src/glfw_config.h"; sourceTree = SOURCE_ROOT; };
		BE75E8255E2D4BBCB19A2FFC /* Program.cpp */ = {isa = PBXFileReference; explicitFileType = sourcecode.cpp.cpp; fileEncoding = 4; name = Program.cpp; path = src/Program.cpp; sourceTree = SOURCE_ROOT; };
		C11D0AA9429A453783E97DED /* Camera.cpp */ = {isa = PBXFileReference; explicitFileType = sourcecode.cpp.cpp; fileEncoding = 4; name = Camera.cpp; path = src/Camera.cpp; sourceTree = SOURCE_ROOT; };
		C404BC33F4C740E8A28BA029 /* mach_time.c */ = {isa = PBXFileReference; explicitFileType = sourcecode.c.c; fileEncoding = 4; name = mach_time.c; path = "../deps/glfw-3.1.2/src/mach_time.c"; sourceTree = SOURCE_ROOT; };
		C917FB171C683A3F000A4A04 /* cheb_skel_walkAndSkip.txt */ = {isa = PBXFileReference; fileEncoding = 4; lastKnownFileType = text; name = cheb_skel_walkAndSkip.txt; path = resources/cheb_skel_walkAndSkip.txt; sourceTree = "<group>"; };
		C917FB181C683A3F000A4A04 /* cheb_skel_wakeUpSequence.txt */ = {isa = PBXFileReference; fileEncoding = 4; lastKnownFileType = text; name = cheb_skel_wakeUpSequence.txt; path = resources/cheb_skel_wakeUpSequence.txt; sourceTree = "<group>"; };
		C917FB191C683A3F000A4A04 /* cheb_skel_runAround.txt */ = {isa = PBXFileReference; fileEncoding = 4; lastKnownFileType = text; name = cheb_skel_runAround.txt; path = resources/cheb_skel_runAround.txt; sourceTree = "<group>"; };
		C917FB1A1C683A3F000A4A04 /* cheb_skel_jumpAround.txt */ = {isa = PBXFileReference; fileEncoding = 4; lastKnownFileType = text; name = cheb_skel_jumpAround.txt; path = resources/cheb_skel_jumpAround.txt; sourceTree = "<group>"; };
		C917FB1B1C683A3F000A4A04 /* cheb_skel_crossWalk.txt */ = {isa = PBXFileReference; fileEncoding = 4; lastKnownFileType = text; name = cheb_skel_crossWalk.txt; path = resources/cheb_skel_crossWalk.txt; sourceTree = "<group>"; };
		C917FB1C1C683A3F000A4A04 /* cheb_attachment.txt */ = {isa = PBXFileReference; fileEncoding = 4; lastKnownFileType = text; name = cheb_attachment.txt; path = resources/cheb_attachment.txt; sourceTree = "<group>"; };
		C917FB1D1C683A3F000A4A04 /* cheb_skel_walk.txt */ = {isa = PBXFileReference; fileEncoding = 4; lastKnownFileType = text; name = cheb_skel_walk.txt; path = resources/cheb_skel_walk.txt; sourceTree = "<group>"; };
		C917FB1E1C683A3F000A4A04 /* cheb2.obj */ = {isa = PBXFileReference; fileEncoding = 4; lastKnownFileType = text; name = cheb2.obj; path = resources/cheb2.obj; sourceTree = "<group>"; };
		C917FB1F1C683A3F000A4A04 /* bunny.obj */ = {isa = PBXFileReference; fileEncoding = 4; lastKnownFileType = text; name = bunny.obj; path = resources/bunny.obj; sourceTree = "<group>"; };
		C917FB201C683A56000A4A04 /* Grid.cpp */ = {isa = PBXFileReference; fileEncoding = 4; lastKnownFileType = sourcecode.cpp.cpp; path = Grid.cpp; sourceTree = "<group>"; };
		C917FB211C683A56000A4A04 /* Grid.h */ = {isa = PBXFileReference; fileEncoding = 4; lastKnownFileType = sourcecode.c.h; path = Grid.h; sourceTree = "<group>"; };
		CD165ABBD6114F5C8A62AF00 /* MatrixStack.cpp */ = {isa = PBXFileReference; explicitFileType = sourcecode.cpp.cpp; fileEncoding = 4; name = MatrixStack.cpp; path = src/MatrixStack.cpp; sourceTree = SOURCE_ROOT; };
		D0E7AB10B8CD4DD8A93B0BCD /* cocoa_window.m */ = {isa = PBXFileReference; explicitFileType = sourcecode.c.objc; fileEncoding = 4; name = cocoa_window.m; path = "../deps/glfw-3.1.2/src/cocoa_window.m"; sourceTree = SOURCE_ROOT; };
		D1CCA4BCC47E45058F19B931 /* GLSL.cpp */ = {isa = PBXFileReference; explicitFileType = sourcecode.cpp.cpp; fileEncoding = 4; name = GLSL.cpp; path = src/GLSL.cpp; sourceTree = SOURCE_ROOT; };
		D409786C67424C4A976670B5 /* monitor.c */ = {isa = PBXFileReference; explicitFileType = sourcecode.c.c; fileEncoding = 4; name = monitor.c; path = "../deps/glfw-3.1.2/src/monitor.c"; sourceTree = SOURCE_ROOT; };
		DBB157692789454CA892B3AB /* Shape.h */ = {isa = PBXFileReference; explicitFileType = sourcecode.c.h; fileEncoding = 4; name = Shape.h; path = src/Shape.h; sourceTree = SOURCE_ROOT; };
		DC65D97DD761448DB2F952F4 /* posix_tls.c */ = {isa = PBXFileReference; explicitFileType = sourcecode.c.c; fileEncoding = 4; name = posix_tls.c; path = "../deps/glfw-3.1.2/src/posix_tls.c"; sourceTree = SOURCE_ROOT; };
		DF2660D1322C469E9BEF7DB3 /* CMakeLists.txt */ = {isa = PBXFileReference; explicitFileType = sourcecode.text; fileEncoding = 4; lastKnownFileType = text; name = CMakeLists.txt; path = "../deps/glfw-3.1.2/src/CMakeLists.txt"; sourceTree = SOURCE_ROOT; };
		E3D4E7861E924862A4DD022B /* libglfw3.a */ = {isa = PBXFileReference; explicitFileType = archive.ar; path = libglfw3.a; sourceTree = BUILT_PRODUCTS_DIR; };
		E5840BA7EF0C4867A1E175ED /* iokit_joystick.h */ = {isa = PBXFileReference; explicitFileType = sourcecode.c.h; fileEncoding = 4; name = iokit_joystick.h; path = "../deps/glfw-3.1.2/src/iokit_joystick.h"; sourceTree = SOURCE_ROOT; };
		F5F8F5D361E44D11B21F0DF2 /* cocoa_platform.h */ = {isa = PBXFileReference; explicitFileType = sourcecode.c.h; fileEncoding = 4; name = cocoa_platform.h; path = "../deps/glfw-3.1.2/src/cocoa_platform.h"; sourceTree = SOURCE_ROOT; };
		F6AA8FA8CF054267B886A7DD /* CMakeLists.txt */ = {isa = PBXFileReference; explicitFileType = sourcecode.text; fileEncoding = 4; lastKnownFileType = text; path = CMakeLists.txt; sourceTree = SOURCE_ROOT; };
		FF73F697C16746C384A83957 /* posix_tls.h */ = {isa = PBXFileReference; explicitFileType = sourcecode.c.h; fileEncoding = 4; name = posix_tls.h; path = "../deps/glfw-3.1.2/src/posix_tls.h"; sourceTree = SOURCE_ROOT; };
/* End PBXFileReference section */

/* Begin PBXGroup section */
		2E1159F1D35444FFA6E11C00 /* Source Files */ = {
			isa = PBXGroup;
			children = (
				0F58926BDE3241D19125FD2A /* cocoa_init.m */,
				529F14F787B547A0AFC730A7 /* cocoa_monitor.m */,
				D0E7AB10B8CD4DD8A93B0BCD /* cocoa_window.m */,
				5ED0B23EF9904ACCB6BF86CE /* context.c */,
				47FC8417A0904E5381FE6CE6 /* init.c */,
				4D1002573DC64EC79DF0974D /* input.c */,
				B77DD12F9C244503B7F53DC9 /* iokit_joystick.m */,
				C404BC33F4C740E8A28BA029 /* mach_time.c */,
				D409786C67424C4A976670B5 /* monitor.c */,
				4B5E5FDC463D4E3086472BCB /* nsgl_context.m */,
				DC65D97DD761448DB2F952F4 /* posix_tls.c */,
				2B84A42F42B048C2AA25A3C1 /* window.c */,
			);
			name = "Source Files";
			sourceTree = "<group>";
		};
		4BC4E9607F5E48B9B2D714C1 /* Products */ = {
			isa = PBXGroup;
			children = (
				5BE72ECC2C764DC7AE4BC15E /* Asgn2 */,
				E3D4E7861E924862A4DD022B /* libglfw3.a */,
			);
			name = Products;
			sourceTree = "<group>";
		};
		574F9ABDCB0D46218AABBE6B /* ALL_BUILD */ = {
			isa = PBXGroup;
			children = (
				ECFEFEE817224387B0838D38 /* CMake Rules */,
				1DED93FB94074815920117ED /* CMakeLists.txt */,
			);
			name = ALL_BUILD;
			sourceTree = "<group>";
		};
		603C74B8CF42494AA4569838 /* glfw */ = {
			isa = PBXGroup;
			children = (
				2E1159F1D35444FFA6E11C00 /* Source Files */,
				7C405C8147E5462EAC8E3855 /* Header Files */,
				DF2660D1322C469E9BEF7DB3 /* CMakeLists.txt */,
			);
			name = glfw;
			sourceTree = "<group>";
		};
		6296BF9EC43A436D8D69E9E7 /* uninstall */ = {
			isa = PBXGroup;
			children = (
				BD7B154A567A49DF918B7394 /* CMake Rules */,
				B479F08D6D6F4AFA932B8050 /* CMakeLists.txt */,
			);
			name = uninstall;
			sourceTree = "<group>";
		};
		7C405C8147E5462EAC8E3855 /* Header Files */ = {
			isa = PBXGroup;
			children = (
				BE06565FFBCD48B1A4409B20 /* glfw_config.h */,
				4FB34E64E2D74AD0B67A89A1 /* glfw3.h */,
				72D67EEF98564F98822E5C4A /* glfw3native.h */,
				F5F8F5D361E44D11B21F0DF2 /* cocoa_platform.h */,
				18CEE2A1766B4780B5EC3062 /* internal.h */,
				E5840BA7EF0C4867A1E175ED /* iokit_joystick.h */,
				63A7F4B5069246B8877BDB19 /* nsgl_context.h */,
				FF73F697C16746C384A83957 /* posix_tls.h */,
			);
			name = "Header Files";
			sourceTree = "<group>";
		};
		84066FFA7C5B41F98A5D0A59 /* Source Files */ = {
			isa = PBXGroup;
			children = (
				C917FB201C683A56000A4A04 /* Grid.cpp */,
				C11D0AA9429A453783E97DED /* Camera.cpp */,
				D1CCA4BCC47E45058F19B931 /* GLSL.cpp */,
				CD165ABBD6114F5C8A62AF00 /* MatrixStack.cpp */,
				BE75E8255E2D4BBCB19A2FFC /* Program.cpp */,
				044212540727422D8DC176E7 /* Shape.cpp */,
				52A84EB454844956A7A0EC45 /* main.cpp */,
			);
			name = "Source Files";
			sourceTree = "<group>";
		};
		88BE1DB16F7248DF8ED9802F /* CMake Rules */ = {
			isa = PBXGroup;
			children = (
			);
			name = "CMake Rules";
			sourceTree = "<group>";
		};
		9AE882428B1341B699D0B937 /* Sources */ = {
			isa = PBXGroup;
			children = (
				B95A841D19D7475290E6EF51 /* Asgn2 */,
				574F9ABDCB0D46218AABBE6B /* ALL_BUILD */,
				FDA0AB89971F43EC9765445D /* ZERO_CHECK */,
				6296BF9EC43A436D8D69E9E7 /* uninstall */,
				F5A89A9B16C14E13A1F18471 /* GLFW3 */,
			);
			name = Sources;
			sourceTree = "<group>";
		};
		B95A841D19D7475290E6EF51 /* Asgn2 */ = {
			isa = PBXGroup;
			children = (
				84066FFA7C5B41F98A5D0A59 /* Source Files */,
				FE7B5976DB23465BBD33920C /* Header Files */,
				324A662FE1BF48F49BE9A4E8 /* CMakeLists.txt */,
				74BEBEF4C7C04F5F86D70936 /* simple_frag.glsl */,
				B56A156B42754511BAD4CB06 /* simple_vert.glsl */,
			);
			name = Asgn2;
			sourceTree = "<group>";
		};
		BD7B154A567A49DF918B7394 /* CMake Rules */ = {
			isa = PBXGroup;
			children = (
			);
			name = "CMake Rules";
			sourceTree = "<group>";
		};
		ECFEFEE817224387B0838D38 /* CMake Rules */ = {
			isa = PBXGroup;
			children = (
			);
			name = "CMake Rules";
			sourceTree = "<group>";
		};
		F101C3AF21514F56AA80392C /* Resources */ = {
			isa = PBXGroup;
			children = (
				C917FB171C683A3F000A4A04 /* cheb_skel_walkAndSkip.txt */,
				C917FB181C683A3F000A4A04 /* cheb_skel_wakeUpSequence.txt */,
				C917FB191C683A3F000A4A04 /* cheb_skel_runAround.txt */,
				C917FB1A1C683A3F000A4A04 /* cheb_skel_jumpAround.txt */,
				C917FB1B1C683A3F000A4A04 /* cheb_skel_crossWalk.txt */,
				C917FB1C1C683A3F000A4A04 /* cheb_attachment.txt */,
				C917FB1D1C683A3F000A4A04 /* cheb_skel_walk.txt */,
				C917FB1E1C683A3F000A4A04 /* cheb2.obj */,
				C917FB1F1C683A3F000A4A04 /* bunny.obj */,
			);
			name = Resources;
			sourceTree = "<group>";
		};
		F5A89A9B16C14E13A1F18471 /* GLFW3 */ = {
			isa = PBXGroup;
			children = (
				603C74B8CF42494AA4569838 /* glfw */,
			);
			name = GLFW3;
			sourceTree = "<group>";
		};
		FD9F06E98E114B35BA0F7A7F = {
			isa = PBXGroup;
			children = (
				9AE882428B1341B699D0B937 /* Sources */,
				F101C3AF21514F56AA80392C /* Resources */,
				4BC4E9607F5E48B9B2D714C1 /* Products */,
			);
			sourceTree = "<group>";
		};
		FDA0AB89971F43EC9765445D /* ZERO_CHECK */ = {
			isa = PBXGroup;
			children = (
				88BE1DB16F7248DF8ED9802F /* CMake Rules */,
				F6AA8FA8CF054267B886A7DD /* CMakeLists.txt */,
			);
			name = ZERO_CHECK;
			sourceTree = "<group>";
		};
		FE7B5976DB23465BBD33920C /* Header Files */ = {
			isa = PBXGroup;
			children = (
				C917FB211C683A56000A4A04 /* Grid.h */,
				BBC78FFE2CC647B1B25639F3 /* Camera.h */,
				1B8613472B1B40049AFB50F9 /* GLSL.h */,
				A3EE9C8D407C451AB363B903 /* MatrixStack.h */,
				3138A837E8244677842C4022 /* Program.h */,
				DBB157692789454CA892B3AB /* Shape.h */,
				7E383BB628334E8F8B933A58 /* tiny_obj_loader.h */,
			);
			name = "Header Files";
			sourceTree = "<group>";
		};
/* End PBXGroup section */

/* Begin PBXNativeTarget section */
		4C2BD46C208C4070A039A70E /* Asgn2 */ = {
			isa = PBXNativeTarget;
			buildConfigurationList = 23E18F190E3B45148DC549A1 /* Build configuration list for PBXNativeTarget "Asgn2" */;
			buildPhases = (
				D56A8E59E04D460F96A7A0FF /* Sources */,
			);
			buildRules = (
			);
			dependencies = (
				E00D4FDD4D224B2D83361EF6 /* PBXTargetDependency */,
				8FB19514907448329E6BBF1E /* PBXTargetDependency */,
			);
			name = Asgn2;
			productName = Asgn2;
			productReference = 5BE72ECC2C764DC7AE4BC15E /* Asgn2 */;
			productType = "com.apple.product-type.tool";
		};
		738578CE78EB443C8E175D8F /* glfw */ = {
			isa = PBXNativeTarget;
			buildConfigurationList = B0DE7AAC282C408AA26A61C3 /* Build configuration list for PBXNativeTarget "glfw" */;
			buildPhases = (
				9B736ECA50A1432484FC85DB /* Sources */,
			);
			buildRules = (
			);
			dependencies = (
			);
			name = glfw;
			productName = glfw;
			productReference = E3D4E7861E924862A4DD022B /* libglfw3.a */;
			productType = "com.apple.product-type.library.static";
		};
/* End PBXNativeTarget section */

/* Begin PBXProject section */
		31354B9E35AE4D3CA2503D8F /* Project object */ = {
			isa = PBXProject;
			attributes = {
				BuildIndependentTargetsInParallel = YES;
			};
			buildConfigurationList = C9F14CE473B54C918E987D3F /* Build configuration list for PBXProject "Asgn2" */;
			compatibilityVersion = "Xcode 3.2";
			developmentRegion = English;
			hasScannedForEncodings = 0;
			knownRegions = (
				en,
			);
			mainGroup = FD9F06E98E114B35BA0F7A7F;
			projectDirPath = "";
			projectRoot = "";
			targets = (
				272DAE89527246C69E78044E /* ALL_BUILD */,
				4C2BD46C208C4070A039A70E /* Asgn2 */,
				C1ED5B7D95E044698F3925E3 /* ZERO_CHECK */,
				19CAEACCDB374DDAAAC1D7BD /* install */,
				2A0FF4224108453FAB331C13 /* uninstall */,
				738578CE78EB443C8E175D8F /* glfw */,
			);
		};
/* End PBXProject section */

/* Begin PBXShellScriptBuildPhase section */
		0E0950C7C98E422689193EC8 /* CMake PostBuild Rules */ = {
			isa = PBXShellScriptBuildPhase;
			buildActionMask = 2147483647;
			files = (
			);
			name = "CMake PostBuild Rules";
			runOnlyForDeploymentPostprocessing = 0;
			shellPath = /bin/sh;
			shellScript = "make -C /Users/elliotfiske/animation/skeleton_asgn -f /Users/elliotfiske/animation/skeleton_asgn/CMakeScripts/install_postBuildPhase.make$CONFIGURATION all";
			showEnvVarsInLog = 0;
		};
		797DCF32BDD0456784B0B2FA /* CMake Rules */ = {
			isa = PBXShellScriptBuildPhase;
			buildActionMask = 2147483647;
			files = (
			);
			name = "CMake Rules";
			runOnlyForDeploymentPostprocessing = 0;
			shellPath = /bin/sh;
			shellScript = "make -C /Users/elliotfiske/animation/deps/glfw-3.1.2/debug -f /Users/elliotfiske/animation/deps/glfw-3.1.2/debug/CMakeScripts/uninstall_cmakeRulesBuildPhase.make$CONFIGURATION all";
			showEnvVarsInLog = 0;
		};
		D0ACC28F9DE1417B92C4541E /* CMake Rules */ = {
			isa = PBXShellScriptBuildPhase;
			buildActionMask = 2147483647;
			files = (
			);
			name = "CMake Rules";
			runOnlyForDeploymentPostprocessing = 0;
			shellPath = /bin/sh;
			shellScript = "make -C /Users/elliotfiske/animation/skeleton_asgn -f /Users/elliotfiske/animation/skeleton_asgn/CMakeScripts/ALL_BUILD_cmakeRulesBuildPhase.make$CONFIGURATION all";
			showEnvVarsInLog = 0;
		};
		F3972043735E4896ABB2F189 /* CMake Rules */ = {
			isa = PBXShellScriptBuildPhase;
			buildActionMask = 2147483647;
			files = (
			);
			name = "CMake Rules";
			runOnlyForDeploymentPostprocessing = 0;
			shellPath = /bin/sh;
			shellScript = "make -C /Users/elliotfiske/animation/skeleton_asgn -f /Users/elliotfiske/animation/skeleton_asgn/CMakeScripts/ZERO_CHECK_cmakeRulesBuildPhase.make$CONFIGURATION all";
			showEnvVarsInLog = 0;
		};
/* End PBXShellScriptBuildPhase section */

/* Begin PBXSourcesBuildPhase section */
		9B736ECA50A1432484FC85DB /* Sources */ = {
			isa = PBXSourcesBuildPhase;
			buildActionMask = 2147483647;
			files = (
				5584C3B396C6486AA5482A23 /* cocoa_init.m in Sources */,
				D1CBFBE87F754BAE8B35F9B5 /* cocoa_monitor.m in Sources */,
				A8B3F927760B4E80BE2CF4BA /* cocoa_window.m in Sources */,
				1551E8F4EA2746A198775A87 /* context.c in Sources */,
				7273628E62FA40EDB0E77BDB /* init.c in Sources */,
				1CA117B5F4B94600BD096DC7 /* input.c in Sources */,
				01ADDD107E3E41E9BEFBBBF7 /* iokit_joystick.m in Sources */,
				B0CE1F9D40C741968E2FBDCE /* mach_time.c in Sources */,
				46AE5AD6A1AA4EC0931B0E1A /* monitor.c in Sources */,
				3AC90257D7704EEE8E04C3EA /* nsgl_context.m in Sources */,
				8DB0C1C4A74F49058893456D /* posix_tls.c in Sources */,
				35EC9D066ABD4866ABE2C7E9 /* window.c in Sources */,
			);
			runOnlyForDeploymentPostprocessing = 0;
		};
		D56A8E59E04D460F96A7A0FF /* Sources */ = {
			isa = PBXSourcesBuildPhase;
			buildActionMask = 2147483647;
			files = (
				AC3ABB1864A14556BBAD5745 /* Camera.cpp in Sources */,
				436093F919D24C8B93C2DC54 /* GLSL.cpp in Sources */,
				320F7D90A6BA44F89096D6BB /* MatrixStack.cpp in Sources */,
				AE88297447E8406B8B89ECCC /* Program.cpp in Sources */,
				938603B043AF467ABB42E033 /* Shape.cpp in Sources */,
				DDF8252CBDFA409EABD73454 /* main.cpp in Sources */,
			);
			runOnlyForDeploymentPostprocessing = 0;
		};
/* End PBXSourcesBuildPhase section */

/* Begin PBXTargetDependency section */
		30248A39FB214F33BCC5B95E /* PBXTargetDependency */ = {
			isa = PBXTargetDependency;
			target = 4C2BD46C208C4070A039A70E /* Asgn2 */;
			targetProxy = 4954375322D74033AF9EDB60 /* PBXContainerItemProxy */;
		};
		41AFD723544249AFB9CFC875 /* PBXTargetDependency */ = {
			isa = PBXTargetDependency;
			target = 272DAE89527246C69E78044E /* ALL_BUILD */;
			targetProxy = 086D95E270904D428480E192 /* PBXContainerItemProxy */;
		};
		5276CBE1AEC149A68A8BD0D9 /* PBXTargetDependency */ = {
			isa = PBXTargetDependency;
			target = 738578CE78EB443C8E175D8F /* glfw */;
			targetProxy = CB04AB1DCAAF4BF38DBC8178 /* PBXContainerItemProxy */;
		};
		715B65E93FFE409390770653 /* PBXTargetDependency */ = {
			isa = PBXTargetDependency;
			target = C1ED5B7D95E044698F3925E3 /* ZERO_CHECK */;
			targetProxy = 4B5826C8454B448BB501F8F0 /* PBXContainerItemProxy */;
		};
		8FB19514907448329E6BBF1E /* PBXTargetDependency */ = {
			isa = PBXTargetDependency;
			target = C1ED5B7D95E044698F3925E3 /* ZERO_CHECK */;
			targetProxy = 324A59526C7E49DE885231D7 /* PBXContainerItemProxy */;
		};
		E00D4FDD4D224B2D83361EF6 /* PBXTargetDependency */ = {
			isa = PBXTargetDependency;
			target = 738578CE78EB443C8E175D8F /* glfw */;
			targetProxy = C9DB8F21666A4492965227FC /* PBXContainerItemProxy */;
		};
/* End PBXTargetDependency section */

/* Begin XCBuildConfiguration section */
		0023E17FFB0444F4B3A85954 /* MinSizeRel */ = {
			isa = XCBuildConfiguration;
			buildSettings = {
				COMBINE_HIDPI_IMAGES = YES;
				GCC_GENERATE_DEBUGGING_SYMBOLS = NO;
				GCC_INLINES_ARE_PRIVATE_EXTERN = NO;
				GCC_OPTIMIZATION_LEVEL = 0;
				GCC_PREPROCESSOR_DEFINITIONS = "'CMAKE_INTDIR=\"$(CONFIGURATION)$(EFFECTIVE_PLATFORM_NAME)\"'";
				GCC_SYMBOLS_PRIVATE_EXTERN = NO;
				HEADER_SEARCH_PATHS = /Users/elliotfiske/animation/deps/eigen;
				INSTALL_PATH = "";
				OTHER_CFLAGS = "   -Wall";
				OTHER_LDFLAGS = " ";
				OTHER_REZFLAGS = "";
				PRODUCT_NAME = uninstall;
				SECTORDER_FLAGS = "";
				SYMROOT = "/Users/elliotfiske/animation/deps/glfw-3.1.2/debug";
				USE_HEADERMAP = NO;
				WARNING_CFLAGS = (
					"-Wmost",
					"-Wno-four-char-constants",
					"-Wno-unknown-pragmas",
					"$(inherited)",
				);
			};
			name = MinSizeRel;
		};
		11B4712B552749519B764ED2 /* RelWithDebInfo */ = {
			isa = XCBuildConfiguration;
			buildSettings = {
				COMBINE_HIDPI_IMAGES = YES;
				EXECUTABLE_PREFIX = "";
				EXECUTABLE_SUFFIX = "";
				GCC_GENERATE_DEBUGGING_SYMBOLS = YES;
				GCC_INLINES_ARE_PRIVATE_EXTERN = NO;
				GCC_OPTIMIZATION_LEVEL = 2;
				GCC_PREPROCESSOR_DEFINITIONS = "'CMAKE_INTDIR=\"$(CONFIGURATION)$(EFFECTIVE_PLATFORM_NAME)\"'";
				GCC_SYMBOLS_PRIVATE_EXTERN = NO;
				HEADER_SEARCH_PATHS = (
					/Users/elliotfiske/animation/deps/eigen,
					"/Users/elliotfiske/animation/deps/glfw-3.1.2/include",
					"/Users/elliotfiske/animation/deps/glew-1.13.0/include",
				);
				INSTALL_PATH = "";
				LIBRARY_SEARCH_PATHS = "";
				OTHER_CFLAGS = "       -DNDEBUG  ";
				OTHER_CPLUSPLUSFLAGS = (
					"-std=c++0x",
					"-Wall",
					"-pedantic",
					"-DNDEBUG",
				);
				OTHER_LDFLAGS = (
					"-Wl,-search_paths_first",
					"-Wl,-headerpad_max_install_names",
					"/Users/elliotfiske/animation/deps/glfw-3.1.2/debug/src/RelWithDebInfo/libglfw3.a",
					"-framework",
					Cocoa,
					"-framework",
					OpenGL,
					"-framework",
					IOKit,
					"-framework",
					CoreFoundation,
					"-framework",
					CoreVideo,
					"/Users/elliotfiske/animation/deps/glew-1.13.0/lib/libGLEW.a",
					"-framework",
					OpenGL,
					"-framework",
					Cocoa,
					"-framework",
					IOKit,
					"-framework",
					CoreVideo,
				);
				OTHER_REZFLAGS = "";
				PRODUCT_NAME = Asgn2;
				SECTORDER_FLAGS = "";
				SYMROOT = /Users/elliotfiske/animation/skeleton_asgn;
				USE_HEADERMAP = NO;
				WARNING_CFLAGS = (
					"-Wmost",
					"-Wno-four-char-constants",
					"-Wno-unknown-pragmas",
					"$(inherited)",
				);
			};
			name = RelWithDebInfo;
		};
		12167712EE66438782275639 /* Debug */ = {
			isa = XCBuildConfiguration;
			buildSettings = {
				COMBINE_HIDPI_IMAGES = YES;
				EXECUTABLE_PREFIX = "";
				EXECUTABLE_SUFFIX = "";
				GCC_GENERATE_DEBUGGING_SYMBOLS = YES;
				GCC_INLINES_ARE_PRIVATE_EXTERN = NO;
				GCC_OPTIMIZATION_LEVEL = 0;
				GCC_PREPROCESSOR_DEFINITIONS = "'CMAKE_INTDIR=\"$(CONFIGURATION)$(EFFECTIVE_PLATFORM_NAME)\"'";
				GCC_SYMBOLS_PRIVATE_EXTERN = NO;
				HEADER_SEARCH_PATHS = (
					/Users/elliotfiske/animation/deps/eigen,
					"/Users/elliotfiske/animation/deps/glfw-3.1.2/include",
					"/Users/elliotfiske/animation/deps/glew-1.13.0/include",
				);
				INSTALL_PATH = "";
				LIBRARY_SEARCH_PATHS = "";
				OTHER_CFLAGS = "    ";
				OTHER_CPLUSPLUSFLAGS = (
					"-std=c++0x",
					"-Wall",
					"-pedantic",
				);
				OTHER_LDFLAGS = (
					"-Wl,-search_paths_first",
					"-Wl,-headerpad_max_install_names",
					"/Users/elliotfiske/animation/deps/glfw-3.1.2/debug/src/Debug/libglfw3.a",
					"-framework",
					Cocoa,
					"-framework",
					OpenGL,
					"-framework",
					IOKit,
					"-framework",
					CoreFoundation,
					"-framework",
					CoreVideo,
					"/Users/elliotfiske/animation/deps/glew-1.13.0/lib/libGLEW.a",
					"-framework",
					OpenGL,
					"-framework",
					Cocoa,
					"-framework",
					IOKit,
					"-framework",
					CoreVideo,
				);
				OTHER_REZFLAGS = "";
				PRODUCT_NAME = Asgn2;
				SECTORDER_FLAGS = "";
				SYMROOT = /Users/elliotfiske/animation/skeleton_asgn;
				USE_HEADERMAP = NO;
				WARNING_CFLAGS = (
					"-Wmost",
					"-Wno-four-char-constants",
					"-Wno-unknown-pragmas",
					"$(inherited)",
				);
			};
			name = Debug;
		};
		15B8CE07C31A432896EB21E0 /* Release */ = {
			isa = XCBuildConfiguration;
			buildSettings = {
				COMBINE_HIDPI_IMAGES = YES;
				EXECUTABLE_PREFIX = lib;
				EXECUTABLE_SUFFIX = .a;
				GCC_GENERATE_DEBUGGING_SYMBOLS = NO;
				GCC_INLINES_ARE_PRIVATE_EXTERN = NO;
				GCC_OPTIMIZATION_LEVEL = 3;
				GCC_PREPROCESSOR_DEFINITIONS = (
					"'CMAKE_INTDIR=\"$(CONFIGURATION)$(EFFECTIVE_PLATFORM_NAME)\"'",
					_GLFW_USE_CONFIG_H,
				);
				GCC_SYMBOLS_PRIVATE_EXTERN = NO;
				HEADER_SEARCH_PATHS = (
					/Users/elliotfiske/animation/deps/eigen,
					"/Users/elliotfiske/animation/deps/glfw-3.1.2/src",
					"/Users/elliotfiske/animation/deps/glfw-3.1.2/debug/src",
				);
				INSTALL_PATH = "";
				LIBRARY_STYLE = STATIC;
				OTHER_CFLAGS = (
					"-DNDEBUG",
					"-fPIC",
					"-Wall",
				);
				OTHER_LIBTOOLFLAGS = " ";
				OTHER_REZFLAGS = "";
				PRODUCT_NAME = glfw3;
				SECTORDER_FLAGS = "";
				SYMROOT = "/Users/elliotfiske/animation/deps/glfw-3.1.2/debug/src";
				USE_HEADERMAP = NO;
				WARNING_CFLAGS = (
					"-Wmost",
					"-Wno-four-char-constants",
					"-Wno-unknown-pragmas",
					"$(inherited)",
				);
			};
			name = Release;
		};
		23E9A45855814C62B087014D /* Release */ = {
			isa = XCBuildConfiguration;
			buildSettings = {
				ARCHS = "$(ARCHS_STANDARD_32_64_BIT)";
				MACOSX_DEPLOYMENT_TARGET = 10.10;
				ONLY_ACTIVE_ARCH = YES;
				SDKROOT = /Applications/Xcode.app/Contents/Developer/Platforms/MacOSX.platform/Developer/SDKs/MacOSX10.11.sdk;
				SYMROOT = /Users/elliotfiske/animation/skeleton_asgn/build;
			};
			name = Release;
		};
		271C53AE9A184F969ED9EDCF /* Release */ = {
			isa = XCBuildConfiguration;
			buildSettings = {
				COMBINE_HIDPI_IMAGES = YES;
				GCC_GENERATE_DEBUGGING_SYMBOLS = NO;
				GCC_INLINES_ARE_PRIVATE_EXTERN = NO;
				GCC_OPTIMIZATION_LEVEL = 0;
				GCC_PREPROCESSOR_DEFINITIONS = "'CMAKE_INTDIR=\"$(CONFIGURATION)$(EFFECTIVE_PLATFORM_NAME)\"'";
				GCC_SYMBOLS_PRIVATE_EXTERN = NO;
				HEADER_SEARCH_PATHS = (
					/Users/elliotfiske/animation/deps/eigen,
					"/Users/elliotfiske/animation/deps/glfw-3.1.2/include",
					"/Users/elliotfiske/animation/deps/glew-1.13.0/include",
				);
				INSTALL_PATH = "";
				OTHER_CFLAGS = "  ";
				OTHER_LDFLAGS = " ";
				OTHER_REZFLAGS = "";
				PRODUCT_NAME = ZERO_CHECK;
				SECTORDER_FLAGS = "";
				SYMROOT = /Users/elliotfiske/animation/skeleton_asgn;
				USE_HEADERMAP = NO;
				WARNING_CFLAGS = (
					"-Wmost",
					"-Wno-four-char-constants",
					"-Wno-unknown-pragmas",
					"$(inherited)",
				);
			};
			name = Release;
		};
		32BFA75E5B904562A168D530 /* Debug */ = {
			isa = XCBuildConfiguration;
			buildSettings = {
				COMBINE_HIDPI_IMAGES = YES;
				GCC_GENERATE_DEBUGGING_SYMBOLS = NO;
				GCC_INLINES_ARE_PRIVATE_EXTERN = NO;
				GCC_OPTIMIZATION_LEVEL = 0;
				GCC_PREPROCESSOR_DEFINITIONS = "'CMAKE_INTDIR=\"$(CONFIGURATION)$(EFFECTIVE_PLATFORM_NAME)\"'";
				GCC_SYMBOLS_PRIVATE_EXTERN = NO;
				HEADER_SEARCH_PATHS = (
					/Users/elliotfiske/animation/deps/eigen,
					"/Users/elliotfiske/animation/deps/glfw-3.1.2/include",
					"/Users/elliotfiske/animation/deps/glew-1.13.0/include",
				);
				INSTALL_PATH = "";
				OTHER_CFLAGS = "  ";
				OTHER_LDFLAGS = " ";
				OTHER_REZFLAGS = "";
				PRODUCT_NAME = ZERO_CHECK;
				SECTORDER_FLAGS = "";
				SYMROOT = /Users/elliotfiske/animation/skeleton_asgn;
				USE_HEADERMAP = NO;
				WARNING_CFLAGS = (
					"-Wmost",
					"-Wno-four-char-constants",
					"-Wno-unknown-pragmas",
					"$(inherited)",
				);
			};
			name = Debug;
		};
		5299C62723BD4213B941F290 /* Release */ = {
			isa = XCBuildConfiguration;
			buildSettings = {
				COMBINE_HIDPI_IMAGES = YES;
				GCC_GENERATE_DEBUGGING_SYMBOLS = NO;
				GCC_INLINES_ARE_PRIVATE_EXTERN = NO;
				GCC_OPTIMIZATION_LEVEL = 0;
				GCC_PREPROCESSOR_DEFINITIONS = "'CMAKE_INTDIR=\"$(CONFIGURATION)$(EFFECTIVE_PLATFORM_NAME)\"'";
				GCC_SYMBOLS_PRIVATE_EXTERN = NO;
				HEADER_SEARCH_PATHS = (
					/Users/elliotfiske/animation/deps/eigen,
					"/Users/elliotfiske/animation/deps/glfw-3.1.2/include",
					"/Users/elliotfiske/animation/deps/glew-1.13.0/include",
				);
				INSTALL_PATH = "";
				OTHER_CFLAGS = "  ";
				OTHER_LDFLAGS = " ";
				OTHER_REZFLAGS = "";
				PRODUCT_NAME = install;
				SECTORDER_FLAGS = "";
				SYMROOT = /Users/elliotfiske/animation/skeleton_asgn;
				USE_HEADERMAP = NO;
				WARNING_CFLAGS = (
					"-Wmost",
					"-Wno-four-char-constants",
					"-Wno-unknown-pragmas",
					"$(inherited)",
				);
			};
			name = Release;
		};
		67D48002D5DB481690206D2A /* Debug */ = {
			isa = XCBuildConfiguration;
			buildSettings = {
				COMBINE_HIDPI_IMAGES = YES;
				GCC_GENERATE_DEBUGGING_SYMBOLS = NO;
				GCC_INLINES_ARE_PRIVATE_EXTERN = NO;
				GCC_OPTIMIZATION_LEVEL = 0;
				GCC_PREPROCESSOR_DEFINITIONS = "'CMAKE_INTDIR=\"$(CONFIGURATION)$(EFFECTIVE_PLATFORM_NAME)\"'";
				GCC_SYMBOLS_PRIVATE_EXTERN = NO;
				HEADER_SEARCH_PATHS = /Users/elliotfiske/animation/deps/eigen;
				INSTALL_PATH = "";
				OTHER_CFLAGS = "   -Wall";
				OTHER_LDFLAGS = " ";
				OTHER_REZFLAGS = "";
				PRODUCT_NAME = uninstall;
				SECTORDER_FLAGS = "";
				SYMROOT = "/Users/elliotfiske/animation/deps/glfw-3.1.2/debug";
				USE_HEADERMAP = NO;
				WARNING_CFLAGS = (
					"-Wmost",
					"-Wno-four-char-constants",
					"-Wno-unknown-pragmas",
					"$(inherited)",
				);
			};
			name = Debug;
		};
		696623316E2D4E13A8E5812B /* Debug */ = {
			isa = XCBuildConfiguration;
			buildSettings = {
				COMBINE_HIDPI_IMAGES = YES;
				GCC_GENERATE_DEBUGGING_SYMBOLS = NO;
				GCC_INLINES_ARE_PRIVATE_EXTERN = NO;
				GCC_OPTIMIZATION_LEVEL = 0;
				GCC_PREPROCESSOR_DEFINITIONS = "'CMAKE_INTDIR=\"$(CONFIGURATION)$(EFFECTIVE_PLATFORM_NAME)\"'";
				GCC_SYMBOLS_PRIVATE_EXTERN = NO;
				HEADER_SEARCH_PATHS = (
					/Users/elliotfiske/animation/deps/eigen,
					"/Users/elliotfiske/animation/deps/glfw-3.1.2/include",
					"/Users/elliotfiske/animation/deps/glew-1.13.0/include",
				);
				INSTALL_PATH = "";
				OTHER_CFLAGS = "  ";
				OTHER_LDFLAGS = " ";
				OTHER_REZFLAGS = "";
				PRODUCT_NAME = ALL_BUILD;
				SECTORDER_FLAGS = "";
				SYMROOT = /Users/elliotfiske/animation/skeleton_asgn;
				USE_HEADERMAP = NO;
				WARNING_CFLAGS = (
					"-Wmost",
					"-Wno-four-char-constants",
					"-Wno-unknown-pragmas",
					"$(inherited)",
				);
			};
			name = Debug;
		};
		73FC4729FE484E48BE4051F8 /* Debug */ = {
			isa = XCBuildConfiguration;
			buildSettings = {
				ARCHS = "$(ARCHS_STANDARD_32_64_BIT)";
				MACOSX_DEPLOYMENT_TARGET = 10.10;
				ONLY_ACTIVE_ARCH = YES;
				SDKROOT = /Applications/Xcode.app/Contents/Developer/Platforms/MacOSX.platform/Developer/SDKs/MacOSX10.11.sdk;
				SYMROOT = /Users/elliotfiske/animation/skeleton_asgn/build;
			};
			name = Debug;
		};
		7675B864238D47329A2AFF03 /* MinSizeRel */ = {
			isa = XCBuildConfiguration;
			buildSettings = {
				COMBINE_HIDPI_IMAGES = YES;
				GCC_GENERATE_DEBUGGING_SYMBOLS = NO;
				GCC_INLINES_ARE_PRIVATE_EXTERN = NO;
				GCC_OPTIMIZATION_LEVEL = 0;
				GCC_PREPROCESSOR_DEFINITIONS = "'CMAKE_INTDIR=\"$(CONFIGURATION)$(EFFECTIVE_PLATFORM_NAME)\"'";
				GCC_SYMBOLS_PRIVATE_EXTERN = NO;
				HEADER_SEARCH_PATHS = (
					/Users/elliotfiske/animation/deps/eigen,
					"/Users/elliotfiske/animation/deps/glfw-3.1.2/include",
					"/Users/elliotfiske/animation/deps/glew-1.13.0/include",
				);
				INSTALL_PATH = "";
				OTHER_CFLAGS = "  ";
				OTHER_LDFLAGS = " ";
				OTHER_REZFLAGS = "";
				PRODUCT_NAME = ZERO_CHECK;
				SECTORDER_FLAGS = "";
				SYMROOT = /Users/elliotfiske/animation/skeleton_asgn;
				USE_HEADERMAP = NO;
				WARNING_CFLAGS = (
					"-Wmost",
					"-Wno-four-char-constants",
					"-Wno-unknown-pragmas",
					"$(inherited)",
				);
			};
			name = MinSizeRel;
		};
		786D8BD782C14D61B5EB9D74 /* RelWithDebInfo */ = {
			isa = XCBuildConfiguration;
			buildSettings = {
				COMBINE_HIDPI_IMAGES = YES;
				GCC_GENERATE_DEBUGGING_SYMBOLS = NO;
				GCC_INLINES_ARE_PRIVATE_EXTERN = NO;
				GCC_OPTIMIZATION_LEVEL = 0;
				GCC_PREPROCESSOR_DEFINITIONS = "'CMAKE_INTDIR=\"$(CONFIGURATION)$(EFFECTIVE_PLATFORM_NAME)\"'";
				GCC_SYMBOLS_PRIVATE_EXTERN = NO;
				HEADER_SEARCH_PATHS = /Users/elliotfiske/animation/deps/eigen;
				INSTALL_PATH = "";
				OTHER_CFLAGS = "   -Wall";
				OTHER_LDFLAGS = " ";
				OTHER_REZFLAGS = "";
				PRODUCT_NAME = uninstall;
				SECTORDER_FLAGS = "";
				SYMROOT = "/Users/elliotfiske/animation/deps/glfw-3.1.2/debug";
				USE_HEADERMAP = NO;
				WARNING_CFLAGS = (
					"-Wmost",
					"-Wno-four-char-constants",
					"-Wno-unknown-pragmas",
					"$(inherited)",
				);
			};
			name = RelWithDebInfo;
		};
		89D884DD468D4B16A68D3A6E /* RelWithDebInfo */ = {
			isa = XCBuildConfiguration;
			buildSettings = {
				COMBINE_HIDPI_IMAGES = YES;
				EXECUTABLE_PREFIX = lib;
				EXECUTABLE_SUFFIX = .a;
				GCC_GENERATE_DEBUGGING_SYMBOLS = YES;
				GCC_INLINES_ARE_PRIVATE_EXTERN = NO;
				GCC_OPTIMIZATION_LEVEL = 2;
				GCC_PREPROCESSOR_DEFINITIONS = (
					"'CMAKE_INTDIR=\"$(CONFIGURATION)$(EFFECTIVE_PLATFORM_NAME)\"'",
					_GLFW_USE_CONFIG_H,
				);
				GCC_SYMBOLS_PRIVATE_EXTERN = NO;
				HEADER_SEARCH_PATHS = (
					/Users/elliotfiske/animation/deps/eigen,
					"/Users/elliotfiske/animation/deps/glfw-3.1.2/src",
					"/Users/elliotfiske/animation/deps/glfw-3.1.2/debug/src",
				);
				INSTALL_PATH = "";
				LIBRARY_STYLE = STATIC;
				OTHER_CFLAGS = (
					"-DNDEBUG",
					"-fPIC",
					"-Wall",
				);
				OTHER_LIBTOOLFLAGS = " ";
				OTHER_REZFLAGS = "";
				PRODUCT_NAME = glfw3;
				SECTORDER_FLAGS = "";
				SYMROOT = "/Users/elliotfiske/animation/deps/glfw-3.1.2/debug/src";
				USE_HEADERMAP = NO;
				WARNING_CFLAGS = (
					"-Wmost",
					"-Wno-four-char-constants",
					"-Wno-unknown-pragmas",
					"$(inherited)",
				);
			};
			name = RelWithDebInfo;
		};
		8B7C20B99053434890B813C6 /* MinSizeRel */ = {
			isa = XCBuildConfiguration;
			buildSettings = {
				ARCHS = "$(ARCHS_STANDARD_32_64_BIT)";
				MACOSX_DEPLOYMENT_TARGET = 10.10;
				ONLY_ACTIVE_ARCH = YES;
				SDKROOT = /Applications/Xcode.app/Contents/Developer/Platforms/MacOSX.platform/Developer/SDKs/MacOSX10.11.sdk;
				SYMROOT = /Users/elliotfiske/animation/skeleton_asgn/build;
			};
			name = MinSizeRel;
		};
		8D4D63F6D0BC4032B0324855 /* Debug */ = {
			isa = XCBuildConfiguration;
			buildSettings = {
				COMBINE_HIDPI_IMAGES = YES;
				EXECUTABLE_PREFIX = lib;
				EXECUTABLE_SUFFIX = .a;
				GCC_GENERATE_DEBUGGING_SYMBOLS = YES;
				GCC_INLINES_ARE_PRIVATE_EXTERN = NO;
				GCC_OPTIMIZATION_LEVEL = 0;
				GCC_PREPROCESSOR_DEFINITIONS = (
					"'CMAKE_INTDIR=\"$(CONFIGURATION)$(EFFECTIVE_PLATFORM_NAME)\"'",
					_GLFW_USE_CONFIG_H,
				);
				GCC_SYMBOLS_PRIVATE_EXTERN = NO;
				HEADER_SEARCH_PATHS = (
					/Users/elliotfiske/animation/deps/eigen,
					"/Users/elliotfiske/animation/deps/glfw-3.1.2/src",
					"/Users/elliotfiske/animation/deps/glfw-3.1.2/debug/src",
				);
				INSTALL_PATH = "";
				LIBRARY_STYLE = STATIC;
				OTHER_CFLAGS = (
					"-fPIC",
					"-Wall",
				);
				OTHER_LIBTOOLFLAGS = " ";
				OTHER_REZFLAGS = "";
				PRODUCT_NAME = glfw3;
				SECTORDER_FLAGS = "";
				SYMROOT = "/Users/elliotfiske/animation/deps/glfw-3.1.2/debug/src";
				USE_HEADERMAP = NO;
				WARNING_CFLAGS = (
					"-Wmost",
					"-Wno-four-char-constants",
					"-Wno-unknown-pragmas",
					"$(inherited)",
				);
			};
			name = Debug;
		};
		9FB95376B55E4F9581B40316 /* MinSizeRel */ = {
			isa = XCBuildConfiguration;
			buildSettings = {
				COMBINE_HIDPI_IMAGES = YES;
				EXECUTABLE_PREFIX = "";
				EXECUTABLE_SUFFIX = "";
				GCC_GENERATE_DEBUGGING_SYMBOLS = NO;
				GCC_INLINES_ARE_PRIVATE_EXTERN = NO;
				GCC_OPTIMIZATION_LEVEL = s;
				GCC_PREPROCESSOR_DEFINITIONS = "'CMAKE_INTDIR=\"$(CONFIGURATION)$(EFFECTIVE_PLATFORM_NAME)\"'";
				GCC_SYMBOLS_PRIVATE_EXTERN = NO;
				HEADER_SEARCH_PATHS = (
					/Users/elliotfiske/animation/deps/eigen,
					"/Users/elliotfiske/animation/deps/glfw-3.1.2/include",
					"/Users/elliotfiske/animation/deps/glew-1.13.0/include",
				);
				INSTALL_PATH = "";
				LIBRARY_SEARCH_PATHS = "";
				OTHER_CFLAGS = "    -DNDEBUG  ";
				OTHER_CPLUSPLUSFLAGS = (
					"-std=c++0x",
					"-Wall",
					"-pedantic",
					"-DNDEBUG",
				);
				OTHER_LDFLAGS = (
					"-Wl,-search_paths_first",
					"-Wl,-headerpad_max_install_names",
					"/Users/elliotfiske/animation/deps/glfw-3.1.2/debug/src/MinSizeRel/libglfw3.a",
					"-framework",
					Cocoa,
					"-framework",
					OpenGL,
					"-framework",
					IOKit,
					"-framework",
					CoreFoundation,
					"-framework",
					CoreVideo,
					"/Users/elliotfiske/animation/deps/glew-1.13.0/lib/libGLEW.a",
					"-framework",
					OpenGL,
					"-framework",
					Cocoa,
					"-framework",
					IOKit,
					"-framework",
					CoreVideo,
				);
				OTHER_REZFLAGS = "";
				PRODUCT_NAME = Asgn2;
				SECTORDER_FLAGS = "";
				SYMROOT = /Users/elliotfiske/animation/skeleton_asgn;
				USE_HEADERMAP = NO;
				WARNING_CFLAGS = (
					"-Wmost",
					"-Wno-four-char-constants",
					"-Wno-unknown-pragmas",
					"$(inherited)",
				);
			};
			name = MinSizeRel;
		};
		A183938E6D844CEDA1A62296 /* MinSizeRel */ = {
			isa = XCBuildConfiguration;
			buildSettings = {
				COMBINE_HIDPI_IMAGES = YES;
				EXECUTABLE_PREFIX = lib;
				EXECUTABLE_SUFFIX = .a;
				GCC_GENERATE_DEBUGGING_SYMBOLS = NO;
				GCC_INLINES_ARE_PRIVATE_EXTERN = NO;
				GCC_OPTIMIZATION_LEVEL = s;
				GCC_PREPROCESSOR_DEFINITIONS = (
					"'CMAKE_INTDIR=\"$(CONFIGURATION)$(EFFECTIVE_PLATFORM_NAME)\"'",
					_GLFW_USE_CONFIG_H,
				);
				GCC_SYMBOLS_PRIVATE_EXTERN = NO;
				HEADER_SEARCH_PATHS = (
					/Users/elliotfiske/animation/deps/eigen,
					"/Users/elliotfiske/animation/deps/glfw-3.1.2/src",
					"/Users/elliotfiske/animation/deps/glfw-3.1.2/debug/src",
				);
				INSTALL_PATH = "";
				LIBRARY_STYLE = STATIC;
				OTHER_CFLAGS = (
					"-DNDEBUG",
					"-fPIC",
					"-Wall",
				);
				OTHER_LIBTOOLFLAGS = " ";
				OTHER_REZFLAGS = "";
				PRODUCT_NAME = glfw3;
				SECTORDER_FLAGS = "";
				SYMROOT = "/Users/elliotfiske/animation/deps/glfw-3.1.2/debug/src";
				USE_HEADERMAP = NO;
				WARNING_CFLAGS = (
					"-Wmost",
					"-Wno-four-char-constants",
					"-Wno-unknown-pragmas",
					"$(inherited)",
				);
			};
			name = MinSizeRel;
		};
		A935C90B73E14184B2829751 /* Release */ = {
			isa = XCBuildConfiguration;
			buildSettings = {
				COMBINE_HIDPI_IMAGES = YES;
				GCC_GENERATE_DEBUGGING_SYMBOLS = NO;
				GCC_INLINES_ARE_PRIVATE_EXTERN = NO;
				GCC_OPTIMIZATION_LEVEL = 0;
				GCC_PREPROCESSOR_DEFINITIONS = "'CMAKE_INTDIR=\"$(CONFIGURATION)$(EFFECTIVE_PLATFORM_NAME)\"'";
				GCC_SYMBOLS_PRIVATE_EXTERN = NO;
				HEADER_SEARCH_PATHS = (
					/Users/elliotfiske/animation/deps/eigen,
					"/Users/elliotfiske/animation/deps/glfw-3.1.2/include",
					"/Users/elliotfiske/animation/deps/glew-1.13.0/include",
				);
				INSTALL_PATH = "";
				OTHER_CFLAGS = "  ";
				OTHER_LDFLAGS = " ";
				OTHER_REZFLAGS = "";
				PRODUCT_NAME = ALL_BUILD;
				SECTORDER_FLAGS = "";
				SYMROOT = /Users/elliotfiske/animation/skeleton_asgn;
				USE_HEADERMAP = NO;
				WARNING_CFLAGS = (
					"-Wmost",
					"-Wno-four-char-constants",
					"-Wno-unknown-pragmas",
					"$(inherited)",
				);
			};
			name = Release;
		};
		B62C45ED3FB44F55889CB104 /* Debug */ = {
			isa = XCBuildConfiguration;
			buildSettings = {
				COMBINE_HIDPI_IMAGES = YES;
				GCC_GENERATE_DEBUGGING_SYMBOLS = NO;
				GCC_INLINES_ARE_PRIVATE_EXTERN = NO;
				GCC_OPTIMIZATION_LEVEL = 0;
				GCC_PREPROCESSOR_DEFINITIONS = "'CMAKE_INTDIR=\"$(CONFIGURATION)$(EFFECTIVE_PLATFORM_NAME)\"'";
				GCC_SYMBOLS_PRIVATE_EXTERN = NO;
				HEADER_SEARCH_PATHS = (
					/Users/elliotfiske/animation/deps/eigen,
					"/Users/elliotfiske/animation/deps/glfw-3.1.2/include",
					"/Users/elliotfiske/animation/deps/glew-1.13.0/include",
				);
				INSTALL_PATH = "";
				OTHER_CFLAGS = "  ";
				OTHER_LDFLAGS = " ";
				OTHER_REZFLAGS = "";
				PRODUCT_NAME = install;
				SECTORDER_FLAGS = "";
				SYMROOT = /Users/elliotfiske/animation/skeleton_asgn;
				USE_HEADERMAP = NO;
				WARNING_CFLAGS = (
					"-Wmost",
					"-Wno-four-char-constants",
					"-Wno-unknown-pragmas",
					"$(inherited)",
				);
			};
			name = Debug;
		};
		B9FF02E26CF54069BE46812D /* Release */ = {
			isa = XCBuildConfiguration;
			buildSettings = {
				COMBINE_HIDPI_IMAGES = YES;
				GCC_GENERATE_DEBUGGING_SYMBOLS = NO;
				GCC_INLINES_ARE_PRIVATE_EXTERN = NO;
				GCC_OPTIMIZATION_LEVEL = 0;
				GCC_PREPROCESSOR_DEFINITIONS = "'CMAKE_INTDIR=\"$(CONFIGURATION)$(EFFECTIVE_PLATFORM_NAME)\"'";
				GCC_SYMBOLS_PRIVATE_EXTERN = NO;
				HEADER_SEARCH_PATHS = /Users/elliotfiske/animation/deps/eigen;
				INSTALL_PATH = "";
				OTHER_CFLAGS = "   -Wall";
				OTHER_LDFLAGS = " ";
				OTHER_REZFLAGS = "";
				PRODUCT_NAME = uninstall;
				SECTORDER_FLAGS = "";
				SYMROOT = "/Users/elliotfiske/animation/deps/glfw-3.1.2/debug";
				USE_HEADERMAP = NO;
				WARNING_CFLAGS = (
					"-Wmost",
					"-Wno-four-char-constants",
					"-Wno-unknown-pragmas",
					"$(inherited)",
				);
			};
			name = Release;
		};
		CDBCE6EB23F94EC3AA7003DF /* RelWithDebInfo */ = {
			isa = XCBuildConfiguration;
			buildSettings = {
				COMBINE_HIDPI_IMAGES = YES;
				GCC_GENERATE_DEBUGGING_SYMBOLS = NO;
				GCC_INLINES_ARE_PRIVATE_EXTERN = NO;
				GCC_OPTIMIZATION_LEVEL = 0;
				GCC_PREPROCESSOR_DEFINITIONS = "'CMAKE_INTDIR=\"$(CONFIGURATION)$(EFFECTIVE_PLATFORM_NAME)\"'";
				GCC_SYMBOLS_PRIVATE_EXTERN = NO;
				HEADER_SEARCH_PATHS = (
					/Users/elliotfiske/animation/deps/eigen,
					"/Users/elliotfiske/animation/deps/glfw-3.1.2/include",
					"/Users/elliotfiske/animation/deps/glew-1.13.0/include",
				);
				INSTALL_PATH = "";
				OTHER_CFLAGS = "  ";
				OTHER_LDFLAGS = " ";
				OTHER_REZFLAGS = "";
				PRODUCT_NAME = ALL_BUILD;
				SECTORDER_FLAGS = "";
				SYMROOT = /Users/elliotfiske/animation/skeleton_asgn;
				USE_HEADERMAP = NO;
				WARNING_CFLAGS = (
					"-Wmost",
					"-Wno-four-char-constants",
					"-Wno-unknown-pragmas",
					"$(inherited)",
				);
			};
			name = RelWithDebInfo;
		};
		CE412CC52FB14791894A6914 /* RelWithDebInfo */ = {
			isa = XCBuildConfiguration;
			buildSettings = {
				COMBINE_HIDPI_IMAGES = YES;
				GCC_GENERATE_DEBUGGING_SYMBOLS = NO;
				GCC_INLINES_ARE_PRIVATE_EXTERN = NO;
				GCC_OPTIMIZATION_LEVEL = 0;
				GCC_PREPROCESSOR_DEFINITIONS = "'CMAKE_INTDIR=\"$(CONFIGURATION)$(EFFECTIVE_PLATFORM_NAME)\"'";
				GCC_SYMBOLS_PRIVATE_EXTERN = NO;
				HEADER_SEARCH_PATHS = (
					/Users/elliotfiske/animation/deps/eigen,
					"/Users/elliotfiske/animation/deps/glfw-3.1.2/include",
					"/Users/elliotfiske/animation/deps/glew-1.13.0/include",
				);
				INSTALL_PATH = "";
				OTHER_CFLAGS = "  ";
				OTHER_LDFLAGS = " ";
				OTHER_REZFLAGS = "";
				PRODUCT_NAME = ZERO_CHECK;
				SECTORDER_FLAGS = "";
				SYMROOT = /Users/elliotfiske/animation/skeleton_asgn;
				USE_HEADERMAP = NO;
				WARNING_CFLAGS = (
					"-Wmost",
					"-Wno-four-char-constants",
					"-Wno-unknown-pragmas",
					"$(inherited)",
				);
			};
			name = RelWithDebInfo;
		};
		CF133700CD264CBC982706A5 /* RelWithDebInfo */ = {
			isa = XCBuildConfiguration;
			buildSettings = {
				COMBINE_HIDPI_IMAGES = YES;
				GCC_GENERATE_DEBUGGING_SYMBOLS = NO;
				GCC_INLINES_ARE_PRIVATE_EXTERN = NO;
				GCC_OPTIMIZATION_LEVEL = 0;
				GCC_PREPROCESSOR_DEFINITIONS = "'CMAKE_INTDIR=\"$(CONFIGURATION)$(EFFECTIVE_PLATFORM_NAME)\"'";
				GCC_SYMBOLS_PRIVATE_EXTERN = NO;
				HEADER_SEARCH_PATHS = (
					/Users/elliotfiske/animation/deps/eigen,
					"/Users/elliotfiske/animation/deps/glfw-3.1.2/include",
					"/Users/elliotfiske/animation/deps/glew-1.13.0/include",
				);
				INSTALL_PATH = "";
				OTHER_CFLAGS = "  ";
				OTHER_LDFLAGS = " ";
				OTHER_REZFLAGS = "";
				PRODUCT_NAME = install;
				SECTORDER_FLAGS = "";
				SYMROOT = /Users/elliotfiske/animation/skeleton_asgn;
				USE_HEADERMAP = NO;
				WARNING_CFLAGS = (
					"-Wmost",
					"-Wno-four-char-constants",
					"-Wno-unknown-pragmas",
					"$(inherited)",
				);
			};
			name = RelWithDebInfo;
		};
		D8209E0285B142F6A0A4FF46 /* MinSizeRel */ = {
			isa = XCBuildConfiguration;
			buildSettings = {
				COMBINE_HIDPI_IMAGES = YES;
				GCC_GENERATE_DEBUGGING_SYMBOLS = NO;
				GCC_INLINES_ARE_PRIVATE_EXTERN = NO;
				GCC_OPTIMIZATION_LEVEL = 0;
				GCC_PREPROCESSOR_DEFINITIONS = "'CMAKE_INTDIR=\"$(CONFIGURATION)$(EFFECTIVE_PLATFORM_NAME)\"'";
				GCC_SYMBOLS_PRIVATE_EXTERN = NO;
				HEADER_SEARCH_PATHS = (
					/Users/elliotfiske/animation/deps/eigen,
					"/Users/elliotfiske/animation/deps/glfw-3.1.2/include",
					"/Users/elliotfiske/animation/deps/glew-1.13.0/include",
				);
				INSTALL_PATH = "";
				OTHER_CFLAGS = "  ";
				OTHER_LDFLAGS = " ";
				OTHER_REZFLAGS = "";
				PRODUCT_NAME = ALL_BUILD;
				SECTORDER_FLAGS = "";
				SYMROOT = /Users/elliotfiske/animation/skeleton_asgn;
				USE_HEADERMAP = NO;
				WARNING_CFLAGS = (
					"-Wmost",
					"-Wno-four-char-constants",
					"-Wno-unknown-pragmas",
					"$(inherited)",
				);
			};
			name = MinSizeRel;
		};
		F1926DEC972C4E67B3512849 /* MinSizeRel */ = {
			isa = XCBuildConfiguration;
			buildSettings = {
				COMBINE_HIDPI_IMAGES = YES;
				GCC_GENERATE_DEBUGGING_SYMBOLS = NO;
				GCC_INLINES_ARE_PRIVATE_EXTERN = NO;
				GCC_OPTIMIZATION_LEVEL = 0;
				GCC_PREPROCESSOR_DEFINITIONS = "'CMAKE_INTDIR=\"$(CONFIGURATION)$(EFFECTIVE_PLATFORM_NAME)\"'";
				GCC_SYMBOLS_PRIVATE_EXTERN = NO;
				HEADER_SEARCH_PATHS = (
					/Users/elliotfiske/animation/deps/eigen,
					"/Users/elliotfiske/animation/deps/glfw-3.1.2/include",
					"/Users/elliotfiske/animation/deps/glew-1.13.0/include",
				);
				INSTALL_PATH = "";
				OTHER_CFLAGS = "  ";
				OTHER_LDFLAGS = " ";
				OTHER_REZFLAGS = "";
				PRODUCT_NAME = install;
				SECTORDER_FLAGS = "";
				SYMROOT = /Users/elliotfiske/animation/skeleton_asgn;
				USE_HEADERMAP = NO;
				WARNING_CFLAGS = (
					"-Wmost",
					"-Wno-four-char-constants",
					"-Wno-unknown-pragmas",
					"$(inherited)",
				);
			};
			name = MinSizeRel;
		};
		F1C3591B532744B091284429 /* Release */ = {
			isa = XCBuildConfiguration;
			buildSettings = {
				COMBINE_HIDPI_IMAGES = YES;
				EXECUTABLE_PREFIX = "";
				EXECUTABLE_SUFFIX = "";
				GCC_GENERATE_DEBUGGING_SYMBOLS = NO;
				GCC_INLINES_ARE_PRIVATE_EXTERN = NO;
				GCC_OPTIMIZATION_LEVEL = 3;
				GCC_PREPROCESSOR_DEFINITIONS = "'CMAKE_INTDIR=\"$(CONFIGURATION)$(EFFECTIVE_PLATFORM_NAME)\"'";
				GCC_SYMBOLS_PRIVATE_EXTERN = NO;
				HEADER_SEARCH_PATHS = (
					/Users/elliotfiske/animation/deps/eigen,
					"/Users/elliotfiske/animation/deps/glfw-3.1.2/include",
					"/Users/elliotfiske/animation/deps/glew-1.13.0/include",
				);
				INSTALL_PATH = "";
				LIBRARY_SEARCH_PATHS = "";
				OTHER_CFLAGS = "    -DNDEBUG  ";
				OTHER_CPLUSPLUSFLAGS = (
					"-std=c++0x",
					"-Wall",
					"-pedantic",
					"-DNDEBUG",
				);
				OTHER_LDFLAGS = (
					"-Wl,-search_paths_first",
					"-Wl,-headerpad_max_install_names",
					"/Users/elliotfiske/animation/deps/glfw-3.1.2/debug/src/Release/libglfw3.a",
					"-framework",
					Cocoa,
					"-framework",
					OpenGL,
					"-framework",
					IOKit,
					"-framework",
					CoreFoundation,
					"-framework",
					CoreVideo,
					"/Users/elliotfiske/animation/deps/glew-1.13.0/lib/libGLEW.a",
					"-framework",
					OpenGL,
					"-framework",
					Cocoa,
					"-framework",
					IOKit,
					"-framework",
					CoreVideo,
				);
				OTHER_REZFLAGS = "";
				PRODUCT_NAME = Asgn2;
				SECTORDER_FLAGS = "";
				SYMROOT = /Users/elliotfiske/animation/skeleton_asgn;
				USE_HEADERMAP = NO;
				WARNING_CFLAGS = (
					"-Wmost",
					"-Wno-four-char-constants",
					"-Wno-unknown-pragmas",
					"$(inherited)",
				);
			};
			name = Release;
		};
		F565F1732FCA4FF69FCC6282 /* RelWithDebInfo */ = {
			isa = XCBuildConfiguration;
			buildSettings = {
				ARCHS = "$(ARCHS_STANDARD_32_64_BIT)";
				MACOSX_DEPLOYMENT_TARGET = 10.10;
				ONLY_ACTIVE_ARCH = YES;
				SDKROOT = /Applications/Xcode.app/Contents/Developer/Platforms/MacOSX.platform/Developer/SDKs/MacOSX10.11.sdk;
				SYMROOT = /Users/elliotfiske/animation/skeleton_asgn/build;
			};
			name = RelWithDebInfo;
		};
/* End XCBuildConfiguration section */

/* Begin XCConfigurationList section */
		191FA6E3F62842AC9CA279CA /* Build configuration list for PBXAggregateTarget "ZERO_CHECK" */ = {
			isa = XCConfigurationList;
			buildConfigurations = (
				32BFA75E5B904562A168D530 /* Debug */,
				271C53AE9A184F969ED9EDCF /* Release */,
				7675B864238D47329A2AFF03 /* MinSizeRel */,
				CE412CC52FB14791894A6914 /* RelWithDebInfo */,
			);
			defaultConfigurationIsVisible = 0;
			defaultConfigurationName = Debug;
		};
		23E18F190E3B45148DC549A1 /* Build configuration list for PBXNativeTarget "Asgn2" */ = {
			isa = XCConfigurationList;
			buildConfigurations = (
				12167712EE66438782275639 /* Debug */,
				F1C3591B532744B091284429 /* Release */,
				9FB95376B55E4F9581B40316 /* MinSizeRel */,
				11B4712B552749519B764ED2 /* RelWithDebInfo */,
			);
			defaultConfigurationIsVisible = 0;
			defaultConfigurationName = Debug;
		};
		35E6AA32428B458EB5BE7EED /* Build configuration list for PBXAggregateTarget "install" */ = {
			isa = XCConfigurationList;
			buildConfigurations = (
				B62C45ED3FB44F55889CB104 /* Debug */,
				5299C62723BD4213B941F290 /* Release */,
				F1926DEC972C4E67B3512849 /* MinSizeRel */,
				CF133700CD264CBC982706A5 /* RelWithDebInfo */,
			);
			defaultConfigurationIsVisible = 0;
			defaultConfigurationName = Debug;
		};
		8BE73B264BE9453B87746E01 /* Build configuration list for PBXAggregateTarget "uninstall" */ = {
			isa = XCConfigurationList;
			buildConfigurations = (
				67D48002D5DB481690206D2A /* Debug */,
				B9FF02E26CF54069BE46812D /* Release */,
				0023E17FFB0444F4B3A85954 /* MinSizeRel */,
				786D8BD782C14D61B5EB9D74 /* RelWithDebInfo */,
			);
			defaultConfigurationIsVisible = 0;
			defaultConfigurationName = Debug;
		};
		B0DE7AAC282C408AA26A61C3 /* Build configuration list for PBXNativeTarget "glfw" */ = {
			isa = XCConfigurationList;
			buildConfigurations = (
				8D4D63F6D0BC4032B0324855 /* Debug */,
				15B8CE07C31A432896EB21E0 /* Release */,
				A183938E6D844CEDA1A62296 /* MinSizeRel */,
				89D884DD468D4B16A68D3A6E /* RelWithDebInfo */,
			);
			defaultConfigurationIsVisible = 0;
			defaultConfigurationName = Debug;
		};
		C9F14CE473B54C918E987D3F /* Build configuration list for PBXProject "Asgn2" */ = {
			isa = XCConfigurationList;
			buildConfigurations = (
				73FC4729FE484E48BE4051F8 /* Debug */,
				23E9A45855814C62B087014D /* Release */,
				8B7C20B99053434890B813C6 /* MinSizeRel */,
				F565F1732FCA4FF69FCC6282 /* RelWithDebInfo */,
			);
			defaultConfigurationIsVisible = 0;
			defaultConfigurationName = Debug;
		};
		EBBF7C935370490080CFFF9B /* Build configuration list for PBXAggregateTarget "ALL_BUILD" */ = {
			isa = XCConfigurationList;
			buildConfigurations = (
				696623316E2D4E13A8E5812B /* Debug */,
				A935C90B73E14184B2829751 /* Release */,
				D8209E0285B142F6A0A4FF46 /* MinSizeRel */,
				CDBCE6EB23F94EC3AA7003DF /* RelWithDebInfo */,
			);
			defaultConfigurationIsVisible = 0;
			defaultConfigurationName = Debug;
		};
/* End XCConfigurationList section */
	};
	rootObject = 31354B9E35AE4D3CA2503D8F /* Project object */;
}
