// !$*UTF8*$!
{
	archiveVersion = 1;
	classes = {
	};
	objectVersion = 46;
	objects = {

/* Begin PBXAggregateTarget section */
		8FE3BAB7D0734B37AF99186D /* install */ = {
			isa = PBXAggregateTarget;
			buildConfigurationList = 8955530524DD43D1AC899520 /* Build configuration list for PBXAggregateTarget "install" */;
			buildPhases = (
				117DE462777C4985B1D8B182 /* CMake PostBuild Rules */,
			);
			dependencies = (
				1C65E68688CD4D38BC5809F4 /* PBXTargetDependency */,
			);
			name = install;
			productName = install;
		};
		8FF9DAD3076745CA91DCDFDE /* ZERO_CHECK */ = {
			isa = PBXAggregateTarget;
			buildConfigurationList = 75AE2A5C1D954F33AB102F24 /* Build configuration list for PBXAggregateTarget "ZERO_CHECK" */;
			buildPhases = (
				E1AD27E87ED541548F180ACF /* CMake Rules */,
			);
			dependencies = (
			);
			name = ZERO_CHECK;
			productName = ZERO_CHECK;
		};
		A86539080F3A43028F05C96F /* uninstall */ = {
			isa = PBXAggregateTarget;
			buildConfigurationList = 376DD35235214F25B59AEA7A /* Build configuration list for PBXAggregateTarget "uninstall" */;
			buildPhases = (
				4A7C7C4FAAEF43F3954D1491 /* CMake Rules */,
			);
			dependencies = (
			);
			name = uninstall;
			productName = uninstall;
		};
		C79C445CC35840EF8E3F6F97 /* ALL_BUILD */ = {
			isa = PBXAggregateTarget;
			buildConfigurationList = 0DE40AECBF7B454684933503 /* Build configuration list for PBXAggregateTarget "ALL_BUILD" */;
			buildPhases = (
				42FE428F323749D284859837 /* CMake Rules */,
			);
			dependencies = (
				4D1D9572EE1D47E3BF4242EA /* PBXTargetDependency */,
				BC71DC0BDAD74C7F981C0E11 /* PBXTargetDependency */,
				33511CDB912949E8BC4EB39A /* PBXTargetDependency */,
			);
			name = ALL_BUILD;
			productName = ALL_BUILD;
		};
/* End PBXAggregateTarget section */

/* Begin PBXBuildFile section */
		023E50DD1D0D40E6B78C3312 /* iokit_joystick.m in Sources */ = {isa = PBXBuildFile; fileRef = E1742DCE2DAC4238A37E4083 /* iokit_joystick.m */; settings = {COMPILER_FLAGS = ""; }; };
		0A941B0AEE204C7B82F5BC91 /* cocoa_init.m in Sources */ = {isa = PBXBuildFile; fileRef = 363CDA5A98064B43A5E54BD6 /* cocoa_init.m */; settings = {COMPILER_FLAGS = ""; }; };
		120AC7C9DE8B4B56B477C3FE /* cocoa_window.m in Sources */ = {isa = PBXBuildFile; fileRef = 82F50E2FE20B4AC2AD04C1CF /* cocoa_window.m */; settings = {COMPILER_FLAGS = ""; }; };
		2A474164FBBC4571833C8443 /* monitor.c in Sources */ = {isa = PBXBuildFile; fileRef = 563BA7A959274684A95EECA4 /* monitor.c */; settings = {COMPILER_FLAGS = ""; }; };
		6AD68281DA134F65B3B55FCE /* Program.cpp in Sources */ = {isa = PBXBuildFile; fileRef = C75FA7B800234977B572BA05 /* Program.cpp */; settings = {COMPILER_FLAGS = ""; }; };
		764F53413A4948209287E60E /* cocoa_monitor.m in Sources */ = {isa = PBXBuildFile; fileRef = 9C314872CBFB48A991B6335E /* cocoa_monitor.m */; settings = {COMPILER_FLAGS = ""; }; };
		78FA86EE10B94683B3E6B4C0 /* MatrixStack.cpp in Sources */ = {isa = PBXBuildFile; fileRef = DCF3BE27495F4ADCBD851096 /* MatrixStack.cpp */; settings = {COMPILER_FLAGS = ""; }; };
		85F9379CDBF540B39BCE8E31 /* window.c in Sources */ = {isa = PBXBuildFile; fileRef = 00CDBDB02F51401DBB85F6B7 /* window.c */; settings = {COMPILER_FLAGS = ""; }; };
		8B10B29D75F74932BDE87969 /* nsgl_context.m in Sources */ = {isa = PBXBuildFile; fileRef = E061856332BC4925AF3290CD /* nsgl_context.m */; settings = {COMPILER_FLAGS = ""; }; };
		939855CAF7B74E028E990864 /* Shape.cpp in Sources */ = {isa = PBXBuildFile; fileRef = ECD8BB63DE5F4B4E9B97D124 /* Shape.cpp */; settings = {COMPILER_FLAGS = ""; }; };
		9BEAF358244B4EAB82803CBF /* init.c in Sources */ = {isa = PBXBuildFile; fileRef = F9CD8B81A69F41B7AA81396F /* init.c */; settings = {COMPILER_FLAGS = ""; }; };
		A41ECEB2B4DE4436905EC84A /* GLSL.cpp in Sources */ = {isa = PBXBuildFile; fileRef = 457D4DFA06BA4A7B879541B4 /* GLSL.cpp */; settings = {COMPILER_FLAGS = ""; }; };
		AF39113138CA4207A9D405DF /* context.c in Sources */ = {isa = PBXBuildFile; fileRef = E86CFD04C0BC4E38A668ADFC /* context.c */; settings = {COMPILER_FLAGS = ""; }; };
		C94BB7151C5704A1004E48FE /* helicopter.cpp in Sources */ = {isa = PBXBuildFile; fileRef = C94BB7131C5704A1004E48FE /* helicopter.cpp */; };
		C94BB7181C576AB1004E48FE /* util.cpp in Sources */ = {isa = PBXBuildFile; fileRef = C94BB7161C576AB1004E48FE /* util.cpp */; };
		C94BB71B1C577BE3004E48FE /* LightingShader.cpp in Sources */ = {isa = PBXBuildFile; fileRef = C94BB7191C577BE3004E48FE /* LightingShader.cpp */; };
		C94BB71E1C577C12004E48FE /* shader.cpp in Sources */ = {isa = PBXBuildFile; fileRef = C94BB71C1C577C12004E48FE /* shader.cpp */; };
		D73A0CA29B934734A2A48C12 /* main.cpp in Sources */ = {isa = PBXBuildFile; fileRef = 8FA787500A5F47F3A3BBDAE8 /* main.cpp */; settings = {COMPILER_FLAGS = ""; }; };
		E23C0ED16B494DCDB1FCD420 /* mach_time.c in Sources */ = {isa = PBXBuildFile; fileRef = F7E89737B3DF48408A66806E /* mach_time.c */; settings = {COMPILER_FLAGS = ""; }; };
		E61CA513C8664443907CD6C9 /* input.c in Sources */ = {isa = PBXBuildFile; fileRef = 4092453DCF39406CB034D03E /* input.c */; settings = {COMPILER_FLAGS = ""; }; };
		E9F31D4CCC724414A0CC7614 /* posix_tls.c in Sources */ = {isa = PBXBuildFile; fileRef = 97D95F897D644545A875526E /* posix_tls.c */; settings = {COMPILER_FLAGS = ""; }; };
		F196BF3C44764D6DB8E54A72 /* Camera.cpp in Sources */ = {isa = PBXBuildFile; fileRef = AA3115D69B904C938B0BA74D /* Camera.cpp */; settings = {COMPILER_FLAGS = ""; }; };
/* End PBXBuildFile section */

/* Begin PBXContainerItemProxy section */
		0BC96E7E68AF48B5BC8501E7 /* PBXContainerItemProxy */ = {
			isa = PBXContainerItemProxy;
			containerPortal = E274E8F59E4F4B098591AB06 /* Project object */;
			proxyType = 1;
			remoteGlobalIDString = 8FF9DAD3076745CA91DCDFDE;
			remoteInfo = ZERO_CHECK;
		};
		225A6F8AB7FB4465AB89FD40 /* PBXContainerItemProxy */ = {
			isa = PBXContainerItemProxy;
			containerPortal = E274E8F59E4F4B098591AB06 /* Project object */;
			proxyType = 1;
			remoteGlobalIDString = C79C445CC35840EF8E3F6F97;
			remoteInfo = ALL_BUILD;
		};
		35F7E7191EEB4E39B16025F3 /* PBXContainerItemProxy */ = {
			isa = PBXContainerItemProxy;
			containerPortal = E274E8F59E4F4B098591AB06 /* Project object */;
			proxyType = 1;
			remoteGlobalIDString = 7269D632536243BD83E96321;
			remoteInfo = Lab03;
		};
		3BFA2F1BC2124A1B9E5288C7 /* PBXContainerItemProxy */ = {
			isa = PBXContainerItemProxy;
			containerPortal = E274E8F59E4F4B098591AB06 /* Project object */;
			proxyType = 1;
			remoteGlobalIDString = 410236AF1A9440E290A3FB5B;
			remoteInfo = glfw;
		};
		A5678C2A57AB4B9585CF0009 /* PBXContainerItemProxy */ = {
			isa = PBXContainerItemProxy;
			containerPortal = E274E8F59E4F4B098591AB06 /* Project object */;
			proxyType = 1;
			remoteGlobalIDString = 8FF9DAD3076745CA91DCDFDE;
			remoteInfo = ZERO_CHECK;
		};
		ACA66A708EEC49418B47CC75 /* PBXContainerItemProxy */ = {
			isa = PBXContainerItemProxy;
			containerPortal = E274E8F59E4F4B098591AB06 /* Project object */;
			proxyType = 1;
			remoteGlobalIDString = 8FF9DAD3076745CA91DCDFDE;
			remoteInfo = ZERO_CHECK;
		};
		B8B789C0E2F543F594F4727F /* PBXContainerItemProxy */ = {
			isa = PBXContainerItemProxy;
			containerPortal = E274E8F59E4F4B098591AB06 /* Project object */;
			proxyType = 1;
			remoteGlobalIDString = 410236AF1A9440E290A3FB5B;
			remoteInfo = glfw;
		};
/* End PBXContainerItemProxy section */

/* Begin PBXFileReference section */
		00CDBDB02F51401DBB85F6B7 /* window.c */ = {isa = PBXFileReference; explicitFileType = sourcecode.c.c; fileEncoding = 4; name = window.c; path = "../deps/glfw-3.1.2/src/window.c"; sourceTree = SOURCE_ROOT; };
		1DC26575D28F46D8A209D348 /* CMakeLists.txt */ = {isa = PBXFileReference; explicitFileType = sourcecode.text; fileEncoding = 4; lastKnownFileType = text; path = CMakeLists.txt; sourceTree = SOURCE_ROOT; };
		2ED049391EC648D6B23A98EC /* CMakeLists.txt */ = {isa = PBXFileReference; explicitFileType = sourcecode.text; fileEncoding = 4; lastKnownFileType = text; name = CMakeLists.txt; path = "../deps/glfw-3.1.2/CMakeLists.txt"; sourceTree = SOURCE_ROOT; };
		363CDA5A98064B43A5E54BD6 /* cocoa_init.m */ = {isa = PBXFileReference; explicitFileType = sourcecode.c.objc; fileEncoding = 4; name = cocoa_init.m; path = "../deps/glfw-3.1.2/src/cocoa_init.m"; sourceTree = SOURCE_ROOT; };
		3703B352D9EC47FFB1093220 /* MatrixStack.h */ = {isa = PBXFileReference; explicitFileType = sourcecode.c.h; fileEncoding = 4; name = MatrixStack.h; path = src/MatrixStack.h; sourceTree = SOURCE_ROOT; };
		404FD431220E404F8AF3BBCE /* libglfw3.a */ = {isa = PBXFileReference; explicitFileType = archive.ar; path = libglfw3.a; sourceTree = BUILT_PRODUCTS_DIR; };
		4092453DCF39406CB034D03E /* input.c */ = {isa = PBXFileReference; explicitFileType = sourcecode.c.c; fileEncoding = 4; name = input.c; path = "../deps/glfw-3.1.2/src/input.c"; sourceTree = SOURCE_ROOT; };
		457D4DFA06BA4A7B879541B4 /* GLSL.cpp */ = {isa = PBXFileReference; explicitFileType = sourcecode.cpp.cpp; fileEncoding = 4; name = GLSL.cpp; path = src/GLSL.cpp; sourceTree = SOURCE_ROOT; };
		478869F00CC54EAC9A483B5D /* Asgn1 */ = {isa = PBXFileReference; explicitFileType = "compiled.mach-o.executable"; path = Asgn1; sourceTree = BUILT_PRODUCTS_DIR; };
		4CB53BFA82614B168485A56B /* glfw3.h */ = {isa = PBXFileReference; explicitFileType = sourcecode.c.h; fileEncoding = 4; name = glfw3.h; path = "../deps/glfw-3.1.2/include/GLFW/glfw3.h"; sourceTree = SOURCE_ROOT; };
		4D91EC377A8D4A7D96728120 /* CMakeLists.txt */ = {isa = PBXFileReference; explicitFileType = sourcecode.text; fileEncoding = 4; lastKnownFileType = text; name = CMakeLists.txt; path = "../deps/glfw-3.1.2/src/CMakeLists.txt"; sourceTree = SOURCE_ROOT; };
		4E6FE6D31EBC42E4ADA0943B /* GLSL.h */ = {isa = PBXFileReference; explicitFileType = sourcecode.c.h; fileEncoding = 4; name = GLSL.h; path = src/GLSL.h; sourceTree = SOURCE_ROOT; };
		563BA7A959274684A95EECA4 /* monitor.c */ = {isa = PBXFileReference; explicitFileType = sourcecode.c.c; fileEncoding = 4; name = monitor.c; path = "../deps/glfw-3.1.2/src/monitor.c"; sourceTree = SOURCE_ROOT; };
		58B1129E698845A18CB3E320 /* Shape.h */ = {isa = PBXFileReference; explicitFileType = sourcecode.c.h; fileEncoding = 4; name = Shape.h; path = src/Shape.h; sourceTree = SOURCE_ROOT; };
		651C59C8B05B4FFB8DB485AA /* tiny_obj_loader.h */ = {isa = PBXFileReference; explicitFileType = sourcecode.c.h; fileEncoding = 4; name = tiny_obj_loader.h; path = src/tiny_obj_loader.h; sourceTree = SOURCE_ROOT; };
		7EC41E4A76874DC0A78C728C /* nsgl_context.h */ = {isa = PBXFileReference; explicitFileType = sourcecode.c.h; fileEncoding = 4; name = nsgl_context.h; path = "../deps/glfw-3.1.2/src/nsgl_context.h"; sourceTree = SOURCE_ROOT; };
		82F50E2FE20B4AC2AD04C1CF /* cocoa_window.m */ = {isa = PBXFileReference; explicitFileType = sourcecode.c.objc; fileEncoding = 4; name = cocoa_window.m; path = "../deps/glfw-3.1.2/src/cocoa_window.m"; sourceTree = SOURCE_ROOT; };
		84092CD9E5DF47BD943C4A0D /* simple_frag.glsl */ = {isa = PBXFileReference; explicitFileType = sourcecode; fileEncoding = 4; name = simple_frag.glsl; path = resources/simple_frag.glsl; sourceTree = SOURCE_ROOT; };
		886D359A3D73437882108149 /* internal.h */ = {isa = PBXFileReference; explicitFileType = sourcecode.c.h; fileEncoding = 4; name = internal.h; path = "../deps/glfw-3.1.2/src/internal.h"; sourceTree = SOURCE_ROOT; };
		8890D4B398204D81BBF78484 /* CMakeLists.txt */ = {isa = PBXFileReference; explicitFileType = sourcecode.text; fileEncoding = 4; lastKnownFileType = text; path = CMakeLists.txt; sourceTree = SOURCE_ROOT; };
		8FA787500A5F47F3A3BBDAE8 /* main.cpp */ = {isa = PBXFileReference; explicitFileType = sourcecode.cpp.cpp; fileEncoding = 4; name = main.cpp; path = src/main.cpp; sourceTree = SOURCE_ROOT; };
		93D17F7340094656B40A8B32 /* glfw3native.h */ = {isa = PBXFileReference; explicitFileType = sourcecode.c.h; fileEncoding = 4; name = glfw3native.h; path = "../deps/glfw-3.1.2/include/GLFW/glfw3native.h"; sourceTree = SOURCE_ROOT; };
		97D95F897D644545A875526E /* posix_tls.c */ = {isa = PBXFileReference; explicitFileType = sourcecode.c.c; fileEncoding = 4; name = posix_tls.c; path = "../deps/glfw-3.1.2/src/posix_tls.c"; sourceTree = SOURCE_ROOT; };
		9C314872CBFB48A991B6335E /* cocoa_monitor.m */ = {isa = PBXFileReference; explicitFileType = sourcecode.c.objc; fileEncoding = 4; name = cocoa_monitor.m; path = "../deps/glfw-3.1.2/src/cocoa_monitor.m"; sourceTree = SOURCE_ROOT; };
		A15593574833401C9570E1FC /* CMakeLists.txt */ = {isa = PBXFileReference; explicitFileType = sourcecode.text; fileEncoding = 4; lastKnownFileType = text; path = CMakeLists.txt; sourceTree = SOURCE_ROOT; };
		AA3115D69B904C938B0BA74D /* Camera.cpp */ = {isa = PBXFileReference; explicitFileType = sourcecode.cpp.cpp; fileEncoding = 4; name = Camera.cpp; path = src/Camera.cpp; sourceTree = SOURCE_ROOT; };
		AEC69890C43B439B96E3162E /* simple_vert.glsl */ = {isa = PBXFileReference; explicitFileType = sourcecode; fileEncoding = 4; name = simple_vert.glsl; path = resources/simple_vert.glsl; sourceTree = SOURCE_ROOT; };
		B8703E158B8D4EBCB61537DD /* cocoa_platform.h */ = {isa = PBXFileReference; explicitFileType = sourcecode.c.h; fileEncoding = 4; name = cocoa_platform.h; path = "../deps/glfw-3.1.2/src/cocoa_platform.h"; sourceTree = SOURCE_ROOT; };
		B8A34F476F7F469991BF447C /* posix_tls.h */ = {isa = PBXFileReference; explicitFileType = sourcecode.c.h; fileEncoding = 4; name = posix_tls.h; path = "../deps/glfw-3.1.2/src/posix_tls.h"; sourceTree = SOURCE_ROOT; };
		C75FA7B800234977B572BA05 /* Program.cpp */ = {isa = PBXFileReference; explicitFileType = sourcecode.cpp.cpp; fileEncoding = 4; name = Program.cpp; path = src/Program.cpp; sourceTree = SOURCE_ROOT; };
		C94BB7131C5704A1004E48FE /* helicopter.cpp */ = {isa = PBXFileReference; fileEncoding = 4; lastKnownFileType = sourcecode.cpp.cpp; name = helicopter.cpp; path = src/helicopter.cpp; sourceTree = "<group>"; };
		C94BB7141C5704A1004E48FE /* helicopter.hpp */ = {isa = PBXFileReference; fileEncoding = 4; lastKnownFileType = sourcecode.cpp.h; name = helicopter.hpp; path = src/helicopter.hpp; sourceTree = "<group>"; };
		C94BB7161C576AB1004E48FE /* util.cpp */ = {isa = PBXFileReference; fileEncoding = 4; lastKnownFileType = sourcecode.cpp.cpp; name = util.cpp; path = src/util.cpp; sourceTree = "<group>"; };
		C94BB7171C576AB1004E48FE /* util.hpp */ = {isa = PBXFileReference; fileEncoding = 4; lastKnownFileType = sourcecode.cpp.h; name = util.hpp; path = src/util.hpp; sourceTree = "<group>"; };
		C94BB7191C577BE3004E48FE /* LightingShader.cpp */ = {isa = PBXFileReference; fileEncoding = 4; lastKnownFileType = sourcecode.cpp.cpp; name = LightingShader.cpp; path = src/LightingShader.cpp; sourceTree = "<group>"; };
		C94BB71A1C577BE3004E48FE /* LightingShader.h */ = {isa = PBXFileReference; fileEncoding = 4; lastKnownFileType = sourcecode.c.h; name = LightingShader.h; path = src/LightingShader.h; sourceTree = "<group>"; };
		C94BB71C1C577C12004E48FE /* shader.cpp */ = {isa = PBXFileReference; fileEncoding = 4; lastKnownFileType = sourcecode.cpp.cpp; name = shader.cpp; path = src/shader.cpp; sourceTree = "<group>"; };
		C94BB71D1C577C12004E48FE /* shader.h */ = {isa = PBXFileReference; fileEncoding = 4; lastKnownFileType = sourcecode.c.h; name = shader.h; path = src/shader.h; sourceTree = "<group>"; };
		D22A869961E647DA971397F2 /* iokit_joystick.h */ = {isa = PBXFileReference; explicitFileType = sourcecode.c.h; fileEncoding = 4; name = iokit_joystick.h; path = "../deps/glfw-3.1.2/src/iokit_joystick.h"; sourceTree = SOURCE_ROOT; };
		DBB3499D03B749BB9E566AA2 /* Program.h */ = {isa = PBXFileReference; explicitFileType = sourcecode.c.h; fileEncoding = 4; name = Program.h; path = src/Program.h; sourceTree = SOURCE_ROOT; };
		DCF3BE27495F4ADCBD851096 /* MatrixStack.cpp */ = {isa = PBXFileReference; explicitFileType = sourcecode.cpp.cpp; fileEncoding = 4; name = MatrixStack.cpp; path = src/MatrixStack.cpp; sourceTree = SOURCE_ROOT; };
		E061856332BC4925AF3290CD /* nsgl_context.m */ = {isa = PBXFileReference; explicitFileType = sourcecode.c.objc; fileEncoding = 4; name = nsgl_context.m; path = "../deps/glfw-3.1.2/src/nsgl_context.m"; sourceTree = SOURCE_ROOT; };
		E1742DCE2DAC4238A37E4083 /* iokit_joystick.m */ = {isa = PBXFileReference; explicitFileType = sourcecode.c.objc; fileEncoding = 4; name = iokit_joystick.m; path = "../deps/glfw-3.1.2/src/iokit_joystick.m"; sourceTree = SOURCE_ROOT; };
		E86CFD04C0BC4E38A668ADFC /* context.c */ = {isa = PBXFileReference; explicitFileType = sourcecode.c.c; fileEncoding = 4; name = context.c; path = "../deps/glfw-3.1.2/src/context.c"; sourceTree = SOURCE_ROOT; };
		E8BE72AAAB3942A98E7FE94A /* glfw_config.h */ = {isa = PBXFileReference; explicitFileType = sourcecode.c.h; fileEncoding = 4; name = glfw_config.h; path = "../deps/glfw-3.1.2/debug/src/glfw_config.h"; sourceTree = SOURCE_ROOT; };
		ECD8BB63DE5F4B4E9B97D124 /* Shape.cpp */ = {isa = PBXFileReference; explicitFileType = sourcecode.cpp.cpp; fileEncoding = 4; name = Shape.cpp; path = src/Shape.cpp; sourceTree = SOURCE_ROOT; };
		F6E612756EE647EA94746EB9 /* Camera.h */ = {isa = PBXFileReference; explicitFileType = sourcecode.c.h; fileEncoding = 4; name = Camera.h; path = src/Camera.h; sourceTree = SOURCE_ROOT; };
		F7E89737B3DF48408A66806E /* mach_time.c */ = {isa = PBXFileReference; explicitFileType = sourcecode.c.c; fileEncoding = 4; name = mach_time.c; path = "../deps/glfw-3.1.2/src/mach_time.c"; sourceTree = SOURCE_ROOT; };
		F9CD8B81A69F41B7AA81396F /* init.c */ = {isa = PBXFileReference; explicitFileType = sourcecode.c.c; fileEncoding = 4; name = init.c; path = "../deps/glfw-3.1.2/src/init.c"; sourceTree = SOURCE_ROOT; };
/* End PBXFileReference section */

/* Begin PBXGroup section */
		0685860BA21F4C3DB8728BF9 /* Header Files */ = {
			isa = PBXGroup;
			children = (
				E8BE72AAAB3942A98E7FE94A /* glfw_config.h */,
				4CB53BFA82614B168485A56B /* glfw3.h */,
				93D17F7340094656B40A8B32 /* glfw3native.h */,
				B8703E158B8D4EBCB61537DD /* cocoa_platform.h */,
				886D359A3D73437882108149 /* internal.h */,
				D22A869961E647DA971397F2 /* iokit_joystick.h */,
				7EC41E4A76874DC0A78C728C /* nsgl_context.h */,
				B8A34F476F7F469991BF447C /* posix_tls.h */,
			);
			name = "Header Files";
			sourceTree = "<group>";
		};
		0BDC86111AFA450BBA2641BA /* CMake Rules */ = {
			isa = PBXGroup;
			children = (
			);
			name = "CMake Rules";
			sourceTree = "<group>";
		};
		272DE38565AD41399F70C9C2 /* Resources */ = {
			isa = PBXGroup;
			children = (
			);
			name = Resources;
			sourceTree = "<group>";
		};
		4AFDA05CEBFC489A906B72B5 /* ALL_BUILD */ = {
			isa = PBXGroup;
			children = (
				0BDC86111AFA450BBA2641BA /* CMake Rules */,
				1DC26575D28F46D8A209D348 /* CMakeLists.txt */,
			);
			name = ALL_BUILD;
			sourceTree = "<group>";
		};
		59AFA863FFE24802A7A6BDAC /* CMake Rules */ = {
			isa = PBXGroup;
			children = (
			);
			name = "CMake Rules";
			sourceTree = "<group>";
		};
		664B811716F94ABA97516373 /* Lab03 */ = {
			isa = PBXGroup;
			children = (
				C81AB523DE2F49A0B3CA9291 /* Source Files */,
				91318D2850B24D65A94B50F9 /* Header Files */,
				8890D4B398204D81BBF78484 /* CMakeLists.txt */,
				84092CD9E5DF47BD943C4A0D /* simple_frag.glsl */,
				AEC69890C43B439B96E3162E /* simple_vert.glsl */,
				C94BB7191C577BE3004E48FE /* LightingShader.cpp */,
				C94BB71C1C577C12004E48FE /* shader.cpp */,
				C94BB71D1C577C12004E48FE /* shader.h */,
				C94BB71A1C577BE3004E48FE /* LightingShader.h */,
			);
			name = Lab03;
			sourceTree = "<group>";
		};
		6705C9EA43BF4188B6AD98B0 /* Products */ = {
			isa = PBXGroup;
			children = (
				478869F00CC54EAC9A483B5D /* Asgn1 */,
				404FD431220E404F8AF3BBCE /* libglfw3.a */,
			);
			name = Products;
			sourceTree = "<group>";
		};
		73D9C6F6C9A5487987411431 /* glfw */ = {
			isa = PBXGroup;
			children = (
				8B652CC812C74190AB779303 /* Source Files */,
				0685860BA21F4C3DB8728BF9 /* Header Files */,
				4D91EC377A8D4A7D96728120 /* CMakeLists.txt */,
			);
			name = glfw;
			sourceTree = "<group>";
		};
		8753D53AD2EE4F369BD6856F /* ZERO_CHECK */ = {
			isa = PBXGroup;
			children = (
				FC963E759417432294790FD9 /* CMake Rules */,
				A15593574833401C9570E1FC /* CMakeLists.txt */,
			);
			name = ZERO_CHECK;
			sourceTree = "<group>";
		};
		8B652CC812C74190AB779303 /* Source Files */ = {
			isa = PBXGroup;
			children = (
				363CDA5A98064B43A5E54BD6 /* cocoa_init.m */,
				9C314872CBFB48A991B6335E /* cocoa_monitor.m */,
				82F50E2FE20B4AC2AD04C1CF /* cocoa_window.m */,
				E86CFD04C0BC4E38A668ADFC /* context.c */,
				F9CD8B81A69F41B7AA81396F /* init.c */,
				4092453DCF39406CB034D03E /* input.c */,
				E1742DCE2DAC4238A37E4083 /* iokit_joystick.m */,
				F7E89737B3DF48408A66806E /* mach_time.c */,
				563BA7A959274684A95EECA4 /* monitor.c */,
				E061856332BC4925AF3290CD /* nsgl_context.m */,
				97D95F897D644545A875526E /* posix_tls.c */,
				00CDBDB02F51401DBB85F6B7 /* window.c */,
			);
			name = "Source Files";
			sourceTree = "<group>";
		};
		91318D2850B24D65A94B50F9 /* Header Files */ = {
			isa = PBXGroup;
			children = (
				F6E612756EE647EA94746EB9 /* Camera.h */,
				4E6FE6D31EBC42E4ADA0943B /* GLSL.h */,
				3703B352D9EC47FFB1093220 /* MatrixStack.h */,
				DBB3499D03B749BB9E566AA2 /* Program.h */,
				58B1129E698845A18CB3E320 /* Shape.h */,
				651C59C8B05B4FFB8DB485AA /* tiny_obj_loader.h */,
			);
			name = "Header Files";
			sourceTree = "<group>";
		};
		C81AB523DE2F49A0B3CA9291 /* Source Files */ = {
			isa = PBXGroup;
			children = (
				AA3115D69B904C938B0BA74D /* Camera.cpp */,
				457D4DFA06BA4A7B879541B4 /* GLSL.cpp */,
				DCF3BE27495F4ADCBD851096 /* MatrixStack.cpp */,
				C75FA7B800234977B572BA05 /* Program.cpp */,
				ECD8BB63DE5F4B4E9B97D124 /* Shape.cpp */,
				8FA787500A5F47F3A3BBDAE8 /* main.cpp */,
			);
			name = "Source Files";
			sourceTree = "<group>";
		};
		CCB2A200C7EC4E0EB22E8941 = {
			isa = PBXGroup;
			children = (
				C94BB7161C576AB1004E48FE /* util.cpp */,
				C94BB7171C576AB1004E48FE /* util.hpp */,
				C94BB7131C5704A1004E48FE /* helicopter.cpp */,
				C94BB7141C5704A1004E48FE /* helicopter.hpp */,
				E7FA98A40F47430E9CA60E28 /* Sources */,
				272DE38565AD41399F70C9C2 /* Resources */,
				6705C9EA43BF4188B6AD98B0 /* Products */,
			);
			sourceTree = "<group>";
		};
		D6A92BF0F4C9443BBC916330 /* GLFW3 */ = {
			isa = PBXGroup;
			children = (
				73D9C6F6C9A5487987411431 /* glfw */,
			);
			name = GLFW3;
			sourceTree = "<group>";
		};
		E7FA98A40F47430E9CA60E28 /* Sources */ = {
			isa = PBXGroup;
			children = (
				664B811716F94ABA97516373 /* Lab03 */,
				4AFDA05CEBFC489A906B72B5 /* ALL_BUILD */,
				8753D53AD2EE4F369BD6856F /* ZERO_CHECK */,
				FB9129F28AFD4E7BAC783ED5 /* uninstall */,
				D6A92BF0F4C9443BBC916330 /* GLFW3 */,
			);
			name = Sources;
			sourceTree = "<group>";
		};
		FB9129F28AFD4E7BAC783ED5 /* uninstall */ = {
			isa = PBXGroup;
			children = (
				59AFA863FFE24802A7A6BDAC /* CMake Rules */,
				2ED049391EC648D6B23A98EC /* CMakeLists.txt */,
			);
			name = uninstall;
			sourceTree = "<group>";
		};
		FC963E759417432294790FD9 /* CMake Rules */ = {
			isa = PBXGroup;
			children = (
			);
			name = "CMake Rules";
			sourceTree = "<group>";
		};
/* End PBXGroup section */

/* Begin PBXNativeTarget section */
		410236AF1A9440E290A3FB5B /* glfw */ = {
			isa = PBXNativeTarget;
			buildConfigurationList = 0B59D05051B342FFA8D35C0E /* Build configuration list for PBXNativeTarget "glfw" */;
			buildPhases = (
				E1CA14335FCF4EBCA93C8AAE /* Sources */,
			);
			buildRules = (
			);
			dependencies = (
				7E778FE7EBC348108BBE4DC3 /* PBXTargetDependency */,
			);
			name = glfw;
			productName = glfw;
			productReference = 404FD431220E404F8AF3BBCE /* libglfw3.a */;
			productType = "com.apple.product-type.library.static";
		};
		7269D632536243BD83E96321 /* Asgn1 */ = {
			isa = PBXNativeTarget;
			buildConfigurationList = 0DF8BD6025D7484BB518A4B9 /* Build configuration list for PBXNativeTarget "Asgn1" */;
			buildPhases = (
				8CFAABCDE07149FDAA97C9BF /* Sources */,
			);
			buildRules = (
			);
			dependencies = (
				58AA648FC06B44229A858411 /* PBXTargetDependency */,
				1169F90A93FC446DB2DF0476 /* PBXTargetDependency */,
			);
			name = Asgn1;
			productName = Lab03;
			productReference = 478869F00CC54EAC9A483B5D /* Asgn1 */;
			productType = "com.apple.product-type.tool";
		};
/* End PBXNativeTarget section */

/* Begin PBXProject section */
		E274E8F59E4F4B098591AB06 /* Project object */ = {
			isa = PBXProject;
			attributes = {
				BuildIndependentTargetsInParallel = YES;
			};
			buildConfigurationList = 30C10AAB24A845B9B94EE728 /* Build configuration list for PBXProject "Asgn1" */;
			compatibilityVersion = "Xcode 3.2";
			developmentRegion = English;
			hasScannedForEncodings = 0;
			knownRegions = (
				en,
			);
			mainGroup = CCB2A200C7EC4E0EB22E8941;
			projectDirPath = "";
			projectRoot = "";
			targets = (
				C79C445CC35840EF8E3F6F97 /* ALL_BUILD */,
				7269D632536243BD83E96321 /* Asgn1 */,
				8FF9DAD3076745CA91DCDFDE /* ZERO_CHECK */,
				8FE3BAB7D0734B37AF99186D /* install */,
				A86539080F3A43028F05C96F /* uninstall */,
				410236AF1A9440E290A3FB5B /* glfw */,
			);
		};
/* End PBXProject section */

/* Begin PBXShellScriptBuildPhase section */
		117DE462777C4985B1D8B182 /* CMake PostBuild Rules */ = {
			isa = PBXShellScriptBuildPhase;
			buildActionMask = 2147483647;
			files = (
			);
			name = "CMake PostBuild Rules";
			runOnlyForDeploymentPostprocessing = 0;
			shellPath = /bin/sh;
			shellScript = "make -C /Users/elliotfiske/animation/3_lab -f /Users/elliotfiske/animation/3_lab/CMakeScripts/install_postBuildPhase.make$CONFIGURATION all";
			showEnvVarsInLog = 0;
		};
		42FE428F323749D284859837 /* CMake Rules */ = {
			isa = PBXShellScriptBuildPhase;
			buildActionMask = 2147483647;
			files = (
			);
			name = "CMake Rules";
			runOnlyForDeploymentPostprocessing = 0;
			shellPath = /bin/sh;
			shellScript = "make -C /Users/elliotfiske/animation/3_lab -f /Users/elliotfiske/animation/3_lab/CMakeScripts/ALL_BUILD_cmakeRulesBuildPhase.make$CONFIGURATION all";
			showEnvVarsInLog = 0;
		};
		4A7C7C4FAAEF43F3954D1491 /* CMake Rules */ = {
			isa = PBXShellScriptBuildPhase;
			buildActionMask = 2147483647;
			files = (
			);
			name = "CMake Rules";
			runOnlyForDeploymentPostprocessing = 0;
			shellPath = /bin/sh;
			shellScript = "make -C /Users/elliotfiske/animation/deps/glfw-3.1.2/debug -f /Users/elliotfiske/animation/deps/glfw-3.1.2/debug/CMakeScripts/uninstall_cmakeRulesBuildPhase.make$CONFIGURATION all";
			showEnvVarsInLog = 0;
		};
		E1AD27E87ED541548F180ACF /* CMake Rules */ = {
			isa = PBXShellScriptBuildPhase;
			buildActionMask = 2147483647;
			files = (
			);
			name = "CMake Rules";
			runOnlyForDeploymentPostprocessing = 0;
			shellPath = /bin/sh;
			shellScript = "make -C /Users/elliotfiske/animation/3_lab -f /Users/elliotfiske/animation/3_lab/CMakeScripts/ZERO_CHECK_cmakeRulesBuildPhase.make$CONFIGURATION all";
			showEnvVarsInLog = 0;
		};
/* End PBXShellScriptBuildPhase section */

/* Begin PBXSourcesBuildPhase section */
		8CFAABCDE07149FDAA97C9BF /* Sources */ = {
			isa = PBXSourcesBuildPhase;
			buildActionMask = 2147483647;
			files = (
				C94BB71E1C577C12004E48FE /* shader.cpp in Sources */,
				F196BF3C44764D6DB8E54A72 /* Camera.cpp in Sources */,
				A41ECEB2B4DE4436905EC84A /* GLSL.cpp in Sources */,
				78FA86EE10B94683B3E6B4C0 /* MatrixStack.cpp in Sources */,
				6AD68281DA134F65B3B55FCE /* Program.cpp in Sources */,
				C94BB71B1C577BE3004E48FE /* LightingShader.cpp in Sources */,
				939855CAF7B74E028E990864 /* Shape.cpp in Sources */,
				C94BB7151C5704A1004E48FE /* helicopter.cpp in Sources */,
				D73A0CA29B934734A2A48C12 /* main.cpp in Sources */,
				C94BB7181C576AB1004E48FE /* util.cpp in Sources */,
			);
			runOnlyForDeploymentPostprocessing = 0;
		};
		E1CA14335FCF4EBCA93C8AAE /* Sources */ = {
			isa = PBXSourcesBuildPhase;
			buildActionMask = 2147483647;
			files = (
				0A941B0AEE204C7B82F5BC91 /* cocoa_init.m in Sources */,
				764F53413A4948209287E60E /* cocoa_monitor.m in Sources */,
				120AC7C9DE8B4B56B477C3FE /* cocoa_window.m in Sources */,
				AF39113138CA4207A9D405DF /* context.c in Sources */,
				9BEAF358244B4EAB82803CBF /* init.c in Sources */,
				E61CA513C8664443907CD6C9 /* input.c in Sources */,
				023E50DD1D0D40E6B78C3312 /* iokit_joystick.m in Sources */,
				E23C0ED16B494DCDB1FCD420 /* mach_time.c in Sources */,
				2A474164FBBC4571833C8443 /* monitor.c in Sources */,
				8B10B29D75F74932BDE87969 /* nsgl_context.m in Sources */,
				E9F31D4CCC724414A0CC7614 /* posix_tls.c in Sources */,
				85F9379CDBF540B39BCE8E31 /* window.c in Sources */,
			);
			runOnlyForDeploymentPostprocessing = 0;
		};
/* End PBXSourcesBuildPhase section */

/* Begin PBXTargetDependency section */
		1169F90A93FC446DB2DF0476 /* PBXTargetDependency */ = {
			isa = PBXTargetDependency;
			target = 8FF9DAD3076745CA91DCDFDE /* ZERO_CHECK */;
			targetProxy = ACA66A708EEC49418B47CC75 /* PBXContainerItemProxy */;
		};
		1C65E68688CD4D38BC5809F4 /* PBXTargetDependency */ = {
			isa = PBXTargetDependency;
			target = C79C445CC35840EF8E3F6F97 /* ALL_BUILD */;
			targetProxy = 225A6F8AB7FB4465AB89FD40 /* PBXContainerItemProxy */;
		};
		33511CDB912949E8BC4EB39A /* PBXTargetDependency */ = {
			isa = PBXTargetDependency;
			target = 7269D632536243BD83E96321 /* Asgn1 */;
			targetProxy = 35F7E7191EEB4E39B16025F3 /* PBXContainerItemProxy */;
		};
		4D1D9572EE1D47E3BF4242EA /* PBXTargetDependency */ = {
			isa = PBXTargetDependency;
			target = 410236AF1A9440E290A3FB5B /* glfw */;
			targetProxy = B8B789C0E2F543F594F4727F /* PBXContainerItemProxy */;
		};
		58AA648FC06B44229A858411 /* PBXTargetDependency */ = {
			isa = PBXTargetDependency;
			target = 410236AF1A9440E290A3FB5B /* glfw */;
			targetProxy = 3BFA2F1BC2124A1B9E5288C7 /* PBXContainerItemProxy */;
		};
		7E778FE7EBC348108BBE4DC3 /* PBXTargetDependency */ = {
			isa = PBXTargetDependency;
			target = 8FF9DAD3076745CA91DCDFDE /* ZERO_CHECK */;
			targetProxy = A5678C2A57AB4B9585CF0009 /* PBXContainerItemProxy */;
		};
		BC71DC0BDAD74C7F981C0E11 /* PBXTargetDependency */ = {
			isa = PBXTargetDependency;
			target = 8FF9DAD3076745CA91DCDFDE /* ZERO_CHECK */;
			targetProxy = 0BC96E7E68AF48B5BC8501E7 /* PBXContainerItemProxy */;
		};
/* End PBXTargetDependency section */

/* Begin XCBuildConfiguration section */
		070840A6239D43538F563FFE /* Debug */ = {
			isa = XCBuildConfiguration;
			buildSettings = {
				COMBINE_HIDPI_IMAGES = YES;
				GCC_GENERATE_DEBUGGING_SYMBOLS = NO;
				GCC_INLINES_ARE_PRIVATE_EXTERN = NO;
				GCC_OPTIMIZATION_LEVEL = 0;
				GCC_PREPROCESSOR_DEFINITIONS = "'CMAKE_INTDIR=\"$(CONFIGURATION)$(EFFECTIVE_PLATFORM_NAME)\"'";
				GCC_SYMBOLS_PRIVATE_EXTERN = NO;
				HEADER_SEARCH_PATHS = (
					/Users/elliotfiske/animation/deps/eigen,
					"/Users/elliotfiske/animation/deps/glfw-3.1.2/include",
					"/Users/elliotfiske/animation/deps/glew-1.13.0/include",
				);
				INSTALL_PATH = "";
				OTHER_CFLAGS = "  ";
				OTHER_LDFLAGS = " ";
				OTHER_REZFLAGS = "";
				PRODUCT_NAME = ZERO_CHECK;
				SECTORDER_FLAGS = "";
				SYMROOT = /Users/elliotfiske/animation/3_lab;
				USE_HEADERMAP = NO;
				WARNING_CFLAGS = (
					"-Wmost",
					"-Wno-four-char-constants",
					"-Wno-unknown-pragmas",
					"$(inherited)",
				);
			};
			name = Debug;
		};
		1257A07225B946958F5E4360 /* RelWithDebInfo */ = {
			isa = XCBuildConfiguration;
			buildSettings = {
				COMBINE_HIDPI_IMAGES = YES;
				GCC_GENERATE_DEBUGGING_SYMBOLS = NO;
				GCC_INLINES_ARE_PRIVATE_EXTERN = NO;
				GCC_OPTIMIZATION_LEVEL = 0;
				GCC_PREPROCESSOR_DEFINITIONS = "'CMAKE_INTDIR=\"$(CONFIGURATION)$(EFFECTIVE_PLATFORM_NAME)\"'";
				GCC_SYMBOLS_PRIVATE_EXTERN = NO;
				HEADER_SEARCH_PATHS = /Users/elliotfiske/animation/deps/eigen;
				INSTALL_PATH = "";
				OTHER_CFLAGS = "   -Wall";
				OTHER_LDFLAGS = " ";
				OTHER_REZFLAGS = "";
				PRODUCT_NAME = uninstall;
				SECTORDER_FLAGS = "";
				SYMROOT = "/Users/elliotfiske/animation/deps/glfw-3.1.2/debug";
				USE_HEADERMAP = NO;
				WARNING_CFLAGS = (
					"-Wmost",
					"-Wno-four-char-constants",
					"-Wno-unknown-pragmas",
					"$(inherited)",
				);
			};
			name = RelWithDebInfo;
		};
		2060FEC5D7714D6F9311113C /* MinSizeRel */ = {
			isa = XCBuildConfiguration;
			buildSettings = {
				ARCHS = "$(ARCHS_STANDARD_32_64_BIT)";
				MACOSX_DEPLOYMENT_TARGET = 10.10;
				ONLY_ACTIVE_ARCH = YES;
				SDKROOT = /Applications/Xcode.app/Contents/Developer/Platforms/MacOSX.platform/Developer/SDKs/MacOSX10.11.sdk;
				SYMROOT = /Users/elliotfiske/animation/3_lab/build;
			};
			name = MinSizeRel;
		};
		37203BCFCAAC4A4286E1335D /* Debug */ = {
			isa = XCBuildConfiguration;
			buildSettings = {
				COMBINE_HIDPI_IMAGES = YES;
				GCC_GENERATE_DEBUGGING_SYMBOLS = NO;
				GCC_INLINES_ARE_PRIVATE_EXTERN = NO;
				GCC_OPTIMIZATION_LEVEL = 0;
				GCC_PREPROCESSOR_DEFINITIONS = "'CMAKE_INTDIR=\"$(CONFIGURATION)$(EFFECTIVE_PLATFORM_NAME)\"'";
				GCC_SYMBOLS_PRIVATE_EXTERN = NO;
				HEADER_SEARCH_PATHS = /Users/elliotfiske/animation/deps/eigen;
				INSTALL_PATH = "";
				OTHER_CFLAGS = "   -Wall";
				OTHER_LDFLAGS = " ";
				OTHER_REZFLAGS = "";
				PRODUCT_NAME = uninstall;
				SECTORDER_FLAGS = "";
				SYMROOT = "/Users/elliotfiske/animation/deps/glfw-3.1.2/debug";
				USE_HEADERMAP = NO;
				WARNING_CFLAGS = (
					"-Wmost",
					"-Wno-four-char-constants",
					"-Wno-unknown-pragmas",
					"$(inherited)",
				);
			};
			name = Debug;
		};
		3AC5DA6C847E4970A54073E8 /* MinSizeRel */ = {
			isa = XCBuildConfiguration;
			buildSettings = {
				COMBINE_HIDPI_IMAGES = YES;
				GCC_GENERATE_DEBUGGING_SYMBOLS = NO;
				GCC_INLINES_ARE_PRIVATE_EXTERN = NO;
				GCC_OPTIMIZATION_LEVEL = 0;
				GCC_PREPROCESSOR_DEFINITIONS = "'CMAKE_INTDIR=\"$(CONFIGURATION)$(EFFECTIVE_PLATFORM_NAME)\"'";
				GCC_SYMBOLS_PRIVATE_EXTERN = NO;
				HEADER_SEARCH_PATHS = /Users/elliotfiske/animation/deps/eigen;
				INSTALL_PATH = "";
				OTHER_CFLAGS = "   -Wall";
				OTHER_LDFLAGS = " ";
				OTHER_REZFLAGS = "";
				PRODUCT_NAME = uninstall;
				SECTORDER_FLAGS = "";
				SYMROOT = "/Users/elliotfiske/animation/deps/glfw-3.1.2/debug";
				USE_HEADERMAP = NO;
				WARNING_CFLAGS = (
					"-Wmost",
					"-Wno-four-char-constants",
					"-Wno-unknown-pragmas",
					"$(inherited)",
				);
			};
			name = MinSizeRel;
		};
		3FED5113D19143B69D4047DB /* RelWithDebInfo */ = {
			isa = XCBuildConfiguration;
			buildSettings = {
				COMBINE_HIDPI_IMAGES = YES;
				GCC_GENERATE_DEBUGGING_SYMBOLS = NO;
				GCC_INLINES_ARE_PRIVATE_EXTERN = NO;
				GCC_OPTIMIZATION_LEVEL = 0;
				GCC_PREPROCESSOR_DEFINITIONS = "'CMAKE_INTDIR=\"$(CONFIGURATION)$(EFFECTIVE_PLATFORM_NAME)\"'";
				GCC_SYMBOLS_PRIVATE_EXTERN = NO;
				HEADER_SEARCH_PATHS = (
					/Users/elliotfiske/animation/deps/eigen,
					"/Users/elliotfiske/animation/deps/glfw-3.1.2/include",
					"/Users/elliotfiske/animation/deps/glew-1.13.0/include",
				);
				INSTALL_PATH = "";
				OTHER_CFLAGS = "  ";
				OTHER_LDFLAGS = " ";
				OTHER_REZFLAGS = "";
				PRODUCT_NAME = ZERO_CHECK;
				SECTORDER_FLAGS = "";
				SYMROOT = /Users/elliotfiske/animation/3_lab;
				USE_HEADERMAP = NO;
				WARNING_CFLAGS = (
					"-Wmost",
					"-Wno-four-char-constants",
					"-Wno-unknown-pragmas",
					"$(inherited)",
				);
			};
			name = RelWithDebInfo;
		};
		46D3D5DBEA184855A77C4FB6 /* Release */ = {
			isa = XCBuildConfiguration;
			buildSettings = {
				COMBINE_HIDPI_IMAGES = YES;
				EXECUTABLE_PREFIX = lib;
				EXECUTABLE_SUFFIX = .a;
				GCC_GENERATE_DEBUGGING_SYMBOLS = NO;
				GCC_INLINES_ARE_PRIVATE_EXTERN = NO;
				GCC_OPTIMIZATION_LEVEL = 3;
				GCC_PREPROCESSOR_DEFINITIONS = (
					"'CMAKE_INTDIR=\"$(CONFIGURATION)$(EFFECTIVE_PLATFORM_NAME)\"'",
					_GLFW_USE_CONFIG_H,
				);
				GCC_SYMBOLS_PRIVATE_EXTERN = NO;
				HEADER_SEARCH_PATHS = (
					/Users/elliotfiske/animation/deps/eigen,
					"/Users/elliotfiske/animation/deps/glfw-3.1.2/src",
					"/Users/elliotfiske/animation/deps/glfw-3.1.2/debug/src",
				);
				INSTALL_PATH = "";
				LIBRARY_STYLE = STATIC;
				OTHER_CFLAGS = (
					"-DNDEBUG",
					"-fPIC",
					"-Wall",
				);
				OTHER_LIBTOOLFLAGS = " ";
				OTHER_REZFLAGS = "";
				PRODUCT_NAME = glfw3;
				SECTORDER_FLAGS = "";
				SYMROOT = "/Users/elliotfiske/animation/deps/glfw-3.1.2/debug/src";
				USE_HEADERMAP = NO;
				WARNING_CFLAGS = (
					"-Wmost",
					"-Wno-four-char-constants",
					"-Wno-unknown-pragmas",
					"$(inherited)",
				);
			};
			name = Release;
		};
		55D9E7F9B01D41F697C4EB88 /* Debug */ = {
			isa = XCBuildConfiguration;
			buildSettings = {
				ARCHS = "$(ARCHS_STANDARD_32_64_BIT)";
				MACOSX_DEPLOYMENT_TARGET = 10.10;
				ONLY_ACTIVE_ARCH = YES;
				SDKROOT = /Applications/Xcode.app/Contents/Developer/Platforms/MacOSX.platform/Developer/SDKs/MacOSX10.11.sdk;
				SYMROOT = /Users/elliotfiske/animation/3_lab/build;
			};
			name = Debug;
		};
		5CD8E93977454A7382EAE4DE /* Debug */ = {
			isa = XCBuildConfiguration;
			buildSettings = {
				COMBINE_HIDPI_IMAGES = YES;
				GCC_GENERATE_DEBUGGING_SYMBOLS = NO;
				GCC_INLINES_ARE_PRIVATE_EXTERN = NO;
				GCC_OPTIMIZATION_LEVEL = 0;
				GCC_PREPROCESSOR_DEFINITIONS = "'CMAKE_INTDIR=\"$(CONFIGURATION)$(EFFECTIVE_PLATFORM_NAME)\"'";
				GCC_SYMBOLS_PRIVATE_EXTERN = NO;
				HEADER_SEARCH_PATHS = (
					/Users/elliotfiske/animation/deps/eigen,
					"/Users/elliotfiske/animation/deps/glfw-3.1.2/include",
					"/Users/elliotfiske/animation/deps/glew-1.13.0/include",
				);
				INSTALL_PATH = "";
				OTHER_CFLAGS = "  ";
				OTHER_LDFLAGS = " ";
				OTHER_REZFLAGS = "";
				PRODUCT_NAME = install;
				SECTORDER_FLAGS = "";
				SYMROOT = /Users/elliotfiske/animation/3_lab;
				USE_HEADERMAP = NO;
				WARNING_CFLAGS = (
					"-Wmost",
					"-Wno-four-char-constants",
					"-Wno-unknown-pragmas",
					"$(inherited)",
				);
			};
			name = Debug;
		};
		62D9454225EA45E185BEDF96 /* RelWithDebInfo */ = {
			isa = XCBuildConfiguration;
			buildSettings = {
				COMBINE_HIDPI_IMAGES = YES;
				EXECUTABLE_PREFIX = lib;
				EXECUTABLE_SUFFIX = .a;
				GCC_GENERATE_DEBUGGING_SYMBOLS = YES;
				GCC_INLINES_ARE_PRIVATE_EXTERN = NO;
				GCC_OPTIMIZATION_LEVEL = 2;
				GCC_PREPROCESSOR_DEFINITIONS = (
					"'CMAKE_INTDIR=\"$(CONFIGURATION)$(EFFECTIVE_PLATFORM_NAME)\"'",
					_GLFW_USE_CONFIG_H,
				);
				GCC_SYMBOLS_PRIVATE_EXTERN = NO;
				HEADER_SEARCH_PATHS = (
					/Users/elliotfiske/animation/deps/eigen,
					"/Users/elliotfiske/animation/deps/glfw-3.1.2/src",
					"/Users/elliotfiske/animation/deps/glfw-3.1.2/debug/src",
				);
				INSTALL_PATH = "";
				LIBRARY_STYLE = STATIC;
				OTHER_CFLAGS = (
					"-DNDEBUG",
					"-fPIC",
					"-Wall",
				);
				OTHER_LIBTOOLFLAGS = " ";
				OTHER_REZFLAGS = "";
				PRODUCT_NAME = glfw3;
				SECTORDER_FLAGS = "";
				SYMROOT = "/Users/elliotfiske/animation/deps/glfw-3.1.2/debug/src";
				USE_HEADERMAP = NO;
				WARNING_CFLAGS = (
					"-Wmost",
					"-Wno-four-char-constants",
					"-Wno-unknown-pragmas",
					"$(inherited)",
				);
			};
			name = RelWithDebInfo;
		};
		637BB729B1D548A09352577A /* Release */ = {
			isa = XCBuildConfiguration;
			buildSettings = {
				COMBINE_HIDPI_IMAGES = YES;
				GCC_GENERATE_DEBUGGING_SYMBOLS = NO;
				GCC_INLINES_ARE_PRIVATE_EXTERN = NO;
				GCC_OPTIMIZATION_LEVEL = 0;
				GCC_PREPROCESSOR_DEFINITIONS = "'CMAKE_INTDIR=\"$(CONFIGURATION)$(EFFECTIVE_PLATFORM_NAME)\"'";
				GCC_SYMBOLS_PRIVATE_EXTERN = NO;
				HEADER_SEARCH_PATHS = (
					/Users/elliotfiske/animation/deps/eigen,
					"/Users/elliotfiske/animation/deps/glfw-3.1.2/include",
					"/Users/elliotfiske/animation/deps/glew-1.13.0/include",
				);
				INSTALL_PATH = "";
				OTHER_CFLAGS = "  ";
				OTHER_LDFLAGS = " ";
				OTHER_REZFLAGS = "";
				PRODUCT_NAME = ZERO_CHECK;
				SECTORDER_FLAGS = "";
				SYMROOT = /Users/elliotfiske/animation/3_lab;
				USE_HEADERMAP = NO;
				WARNING_CFLAGS = (
					"-Wmost",
					"-Wno-four-char-constants",
					"-Wno-unknown-pragmas",
					"$(inherited)",
				);
			};
			name = Release;
		};
		785D6A1F83D24DC69123E5EC /* MinSizeRel */ = {
			isa = XCBuildConfiguration;
			buildSettings = {
				COMBINE_HIDPI_IMAGES = YES;
				EXECUTABLE_PREFIX = lib;
				EXECUTABLE_SUFFIX = .a;
				GCC_GENERATE_DEBUGGING_SYMBOLS = NO;
				GCC_INLINES_ARE_PRIVATE_EXTERN = NO;
				GCC_OPTIMIZATION_LEVEL = s;
				GCC_PREPROCESSOR_DEFINITIONS = (
					"'CMAKE_INTDIR=\"$(CONFIGURATION)$(EFFECTIVE_PLATFORM_NAME)\"'",
					_GLFW_USE_CONFIG_H,
				);
				GCC_SYMBOLS_PRIVATE_EXTERN = NO;
				HEADER_SEARCH_PATHS = (
					/Users/elliotfiske/animation/deps/eigen,
					"/Users/elliotfiske/animation/deps/glfw-3.1.2/src",
					"/Users/elliotfiske/animation/deps/glfw-3.1.2/debug/src",
				);
				INSTALL_PATH = "";
				LIBRARY_STYLE = STATIC;
				OTHER_CFLAGS = (
					"-DNDEBUG",
					"-fPIC",
					"-Wall",
				);
				OTHER_LIBTOOLFLAGS = " ";
				OTHER_REZFLAGS = "";
				PRODUCT_NAME = glfw3;
				SECTORDER_FLAGS = "";
				SYMROOT = "/Users/elliotfiske/animation/deps/glfw-3.1.2/debug/src";
				USE_HEADERMAP = NO;
				WARNING_CFLAGS = (
					"-Wmost",
					"-Wno-four-char-constants",
					"-Wno-unknown-pragmas",
					"$(inherited)",
				);
			};
			name = MinSizeRel;
		};
		7E6F288F707A45D9825A7470 /* MinSizeRel */ = {
			isa = XCBuildConfiguration;
			buildSettings = {
				COMBINE_HIDPI_IMAGES = YES;
				GCC_GENERATE_DEBUGGING_SYMBOLS = NO;
				GCC_INLINES_ARE_PRIVATE_EXTERN = NO;
				GCC_OPTIMIZATION_LEVEL = 0;
				GCC_PREPROCESSOR_DEFINITIONS = "'CMAKE_INTDIR=\"$(CONFIGURATION)$(EFFECTIVE_PLATFORM_NAME)\"'";
				GCC_SYMBOLS_PRIVATE_EXTERN = NO;
				HEADER_SEARCH_PATHS = (
					/Users/elliotfiske/animation/deps/eigen,
					"/Users/elliotfiske/animation/deps/glfw-3.1.2/include",
					"/Users/elliotfiske/animation/deps/glew-1.13.0/include",
				);
				INSTALL_PATH = "";
				OTHER_CFLAGS = "  ";
				OTHER_LDFLAGS = " ";
				OTHER_REZFLAGS = "";
				PRODUCT_NAME = ZERO_CHECK;
				SECTORDER_FLAGS = "";
				SYMROOT = /Users/elliotfiske/animation/3_lab;
				USE_HEADERMAP = NO;
				WARNING_CFLAGS = (
					"-Wmost",
					"-Wno-four-char-constants",
					"-Wno-unknown-pragmas",
					"$(inherited)",
				);
			};
			name = MinSizeRel;
		};
		7FB8DD38086946EAA3A0C2CE /* Debug */ = {
			isa = XCBuildConfiguration;
			buildSettings = {
				COMBINE_HIDPI_IMAGES = YES;
				EXECUTABLE_PREFIX = lib;
				EXECUTABLE_SUFFIX = .a;
				GCC_GENERATE_DEBUGGING_SYMBOLS = YES;
				GCC_INLINES_ARE_PRIVATE_EXTERN = NO;
				GCC_OPTIMIZATION_LEVEL = 0;
				GCC_PREPROCESSOR_DEFINITIONS = (
					"'CMAKE_INTDIR=\"$(CONFIGURATION)$(EFFECTIVE_PLATFORM_NAME)\"'",
					_GLFW_USE_CONFIG_H,
				);
				GCC_SYMBOLS_PRIVATE_EXTERN = NO;
				HEADER_SEARCH_PATHS = (
					/Users/elliotfiske/animation/deps/eigen,
					"/Users/elliotfiske/animation/deps/glfw-3.1.2/src",
					"/Users/elliotfiske/animation/deps/glfw-3.1.2/debug/src",
				);
				INSTALL_PATH = "";
				LIBRARY_STYLE = STATIC;
				OTHER_CFLAGS = (
					"-fPIC",
					"-Wall",
				);
				OTHER_LIBTOOLFLAGS = " ";
				OTHER_REZFLAGS = "";
				PRODUCT_NAME = glfw3;
				SECTORDER_FLAGS = "";
				SYMROOT = "/Users/elliotfiske/animation/deps/glfw-3.1.2/debug/src";
				USE_HEADERMAP = NO;
				WARNING_CFLAGS = (
					"-Wmost",
					"-Wno-four-char-constants",
					"-Wno-unknown-pragmas",
					"$(inherited)",
				);
			};
			name = Debug;
		};
		97B5DEF3388A495B9F320777 /* RelWithDebInfo */ = {
			isa = XCBuildConfiguration;
			buildSettings = {
				COMBINE_HIDPI_IMAGES = YES;
				GCC_GENERATE_DEBUGGING_SYMBOLS = NO;
				GCC_INLINES_ARE_PRIVATE_EXTERN = NO;
				GCC_OPTIMIZATION_LEVEL = 0;
				GCC_PREPROCESSOR_DEFINITIONS = "'CMAKE_INTDIR=\"$(CONFIGURATION)$(EFFECTIVE_PLATFORM_NAME)\"'";
				GCC_SYMBOLS_PRIVATE_EXTERN = NO;
				HEADER_SEARCH_PATHS = (
					/Users/elliotfiske/animation/deps/eigen,
					"/Users/elliotfiske/animation/deps/glfw-3.1.2/include",
					"/Users/elliotfiske/animation/deps/glew-1.13.0/include",
				);
				INSTALL_PATH = "";
				OTHER_CFLAGS = "  ";
				OTHER_LDFLAGS = " ";
				OTHER_REZFLAGS = "";
				PRODUCT_NAME = ALL_BUILD;
				SECTORDER_FLAGS = "";
				SYMROOT = /Users/elliotfiske/animation/3_lab;
				USE_HEADERMAP = NO;
				WARNING_CFLAGS = (
					"-Wmost",
					"-Wno-four-char-constants",
					"-Wno-unknown-pragmas",
					"$(inherited)",
				);
			};
			name = RelWithDebInfo;
		};
		9CD8DF7B3D3541268FEE548D /* MinSizeRel */ = {
			isa = XCBuildConfiguration;
			buildSettings = {
				COMBINE_HIDPI_IMAGES = YES;
				GCC_GENERATE_DEBUGGING_SYMBOLS = NO;
				GCC_INLINES_ARE_PRIVATE_EXTERN = NO;
				GCC_OPTIMIZATION_LEVEL = 0;
				GCC_PREPROCESSOR_DEFINITIONS = "'CMAKE_INTDIR=\"$(CONFIGURATION)$(EFFECTIVE_PLATFORM_NAME)\"'";
				GCC_SYMBOLS_PRIVATE_EXTERN = NO;
				HEADER_SEARCH_PATHS = (
					/Users/elliotfiske/animation/deps/eigen,
					"/Users/elliotfiske/animation/deps/glfw-3.1.2/include",
					"/Users/elliotfiske/animation/deps/glew-1.13.0/include",
				);
				INSTALL_PATH = "";
				OTHER_CFLAGS = "  ";
				OTHER_LDFLAGS = " ";
				OTHER_REZFLAGS = "";
				PRODUCT_NAME = install;
				SECTORDER_FLAGS = "";
				SYMROOT = /Users/elliotfiske/animation/3_lab;
				USE_HEADERMAP = NO;
				WARNING_CFLAGS = (
					"-Wmost",
					"-Wno-four-char-constants",
					"-Wno-unknown-pragmas",
					"$(inherited)",
				);
			};
			name = MinSizeRel;
		};
		A4C003E786F146418AC6D45B /* MinSizeRel */ = {
			isa = XCBuildConfiguration;
			buildSettings = {
				COMBINE_HIDPI_IMAGES = YES;
				GCC_GENERATE_DEBUGGING_SYMBOLS = NO;
				GCC_INLINES_ARE_PRIVATE_EXTERN = NO;
				GCC_OPTIMIZATION_LEVEL = 0;
				GCC_PREPROCESSOR_DEFINITIONS = "'CMAKE_INTDIR=\"$(CONFIGURATION)$(EFFECTIVE_PLATFORM_NAME)\"'";
				GCC_SYMBOLS_PRIVATE_EXTERN = NO;
				HEADER_SEARCH_PATHS = (
					/Users/elliotfiske/animation/deps/eigen,
					"/Users/elliotfiske/animation/deps/glfw-3.1.2/include",
					"/Users/elliotfiske/animation/deps/glew-1.13.0/include",
				);
				INSTALL_PATH = "";
				OTHER_CFLAGS = "  ";
				OTHER_LDFLAGS = " ";
				OTHER_REZFLAGS = "";
				PRODUCT_NAME = ALL_BUILD;
				SECTORDER_FLAGS = "";
				SYMROOT = /Users/elliotfiske/animation/3_lab;
				USE_HEADERMAP = NO;
				WARNING_CFLAGS = (
					"-Wmost",
					"-Wno-four-char-constants",
					"-Wno-unknown-pragmas",
					"$(inherited)",
				);
			};
			name = MinSizeRel;
		};
		A7C718CB08304D35A1E920DB /* Release */ = {
			isa = XCBuildConfiguration;
			buildSettings = {
				COMBINE_HIDPI_IMAGES = YES;
				EXECUTABLE_PREFIX = "";
				EXECUTABLE_SUFFIX = "";
				GCC_GENERATE_DEBUGGING_SYMBOLS = NO;
				GCC_INLINES_ARE_PRIVATE_EXTERN = NO;
				GCC_OPTIMIZATION_LEVEL = 3;
				GCC_PREPROCESSOR_DEFINITIONS = "'CMAKE_INTDIR=\"$(CONFIGURATION)$(EFFECTIVE_PLATFORM_NAME)\"'";
				GCC_SYMBOLS_PRIVATE_EXTERN = NO;
				HEADER_SEARCH_PATHS = (
					/Users/elliotfiske/animation/deps/eigen,
					"/Users/elliotfiske/animation/deps/glfw-3.1.2/include",
					"/Users/elliotfiske/animation/deps/glew-1.13.0/include",
				);
				INSTALL_PATH = "";
				LIBRARY_SEARCH_PATHS = "";
				OTHER_CFLAGS = "    -DNDEBUG  ";
				OTHER_CPLUSPLUSFLAGS = (
					"-std=c++0x",
					"-Wall",
					"-pedantic",
					"-DNDEBUG",
				);
				OTHER_LDFLAGS = (
					"-Wl,-search_paths_first",
					"-Wl,-headerpad_max_install_names",
					"/Users/elliotfiske/animation/deps/glfw-3.1.2/debug/src/Release/libglfw3.a",
					"-framework",
					Cocoa,
					"-framework",
					OpenGL,
					"-framework",
					IOKit,
					"-framework",
					CoreFoundation,
					"-framework",
					CoreVideo,
					"/Users/elliotfiske/animation/deps/glew-1.13.0/lib/libGLEW.a",
					"-framework",
					OpenGL,
					"-framework",
					Cocoa,
					"-framework",
					IOKit,
					"-framework",
					CoreVideo,
				);
				OTHER_REZFLAGS = "";
				PRODUCT_NAME = Asgn1;
				SECTORDER_FLAGS = "";
				SYMROOT = /Users/elliotfiske/animation/3_lab;
				USE_HEADERMAP = NO;
				WARNING_CFLAGS = (
					"-Wmost",
					"-Wno-four-char-constants",
					"-Wno-unknown-pragmas",
					"$(inherited)",
				);
			};
			name = Release;
		};
		AC14BBF1699D48B68DE27988 /* RelWithDebInfo */ = {
			isa = XCBuildConfiguration;
			buildSettings = {
				COMBINE_HIDPI_IMAGES = YES;
				EXECUTABLE_PREFIX = "";
				EXECUTABLE_SUFFIX = "";
				GCC_GENERATE_DEBUGGING_SYMBOLS = YES;
				GCC_INLINES_ARE_PRIVATE_EXTERN = NO;
				GCC_OPTIMIZATION_LEVEL = 2;
				GCC_PREPROCESSOR_DEFINITIONS = "'CMAKE_INTDIR=\"$(CONFIGURATION)$(EFFECTIVE_PLATFORM_NAME)\"'";
				GCC_SYMBOLS_PRIVATE_EXTERN = NO;
				HEADER_SEARCH_PATHS = (
					/Users/elliotfiske/animation/deps/eigen,
					"/Users/elliotfiske/animation/deps/glfw-3.1.2/include",
					"/Users/elliotfiske/animation/deps/glew-1.13.0/include",
				);
				INSTALL_PATH = "";
				LIBRARY_SEARCH_PATHS = "";
				OTHER_CFLAGS = "       -DNDEBUG  ";
				OTHER_CPLUSPLUSFLAGS = (
					"-std=c++0x",
					"-Wall",
					"-pedantic",
					"-DNDEBUG",
				);
				OTHER_LDFLAGS = (
					"-Wl,-search_paths_first",
					"-Wl,-headerpad_max_install_names",
					"/Users/elliotfiske/animation/deps/glfw-3.1.2/debug/src/RelWithDebInfo/libglfw3.a",
					"-framework",
					Cocoa,
					"-framework",
					OpenGL,
					"-framework",
					IOKit,
					"-framework",
					CoreFoundation,
					"-framework",
					CoreVideo,
					"/Users/elliotfiske/animation/deps/glew-1.13.0/lib/libGLEW.a",
					"-framework",
					OpenGL,
					"-framework",
					Cocoa,
					"-framework",
					IOKit,
					"-framework",
					CoreVideo,
				);
				OTHER_REZFLAGS = "";
				PRODUCT_NAME = Asgn1;
				SECTORDER_FLAGS = "";
				SYMROOT = /Users/elliotfiske/animation/3_lab;
				USE_HEADERMAP = NO;
				WARNING_CFLAGS = (
					"-Wmost",
					"-Wno-four-char-constants",
					"-Wno-unknown-pragmas",
					"$(inherited)",
				);
			};
			name = RelWithDebInfo;
		};
		AD8298C4701E4BF38BED1353 /* Release */ = {
			isa = XCBuildConfiguration;
			buildSettings = {
				COMBINE_HIDPI_IMAGES = YES;
				GCC_GENERATE_DEBUGGING_SYMBOLS = NO;
				GCC_INLINES_ARE_PRIVATE_EXTERN = NO;
				GCC_OPTIMIZATION_LEVEL = 0;
				GCC_PREPROCESSOR_DEFINITIONS = "'CMAKE_INTDIR=\"$(CONFIGURATION)$(EFFECTIVE_PLATFORM_NAME)\"'";
				GCC_SYMBOLS_PRIVATE_EXTERN = NO;
				HEADER_SEARCH_PATHS = (
					/Users/elliotfiske/animation/deps/eigen,
					"/Users/elliotfiske/animation/deps/glfw-3.1.2/include",
					"/Users/elliotfiske/animation/deps/glew-1.13.0/include",
				);
				INSTALL_PATH = "";
				OTHER_CFLAGS = "  ";
				OTHER_LDFLAGS = " ";
				OTHER_REZFLAGS = "";
				PRODUCT_NAME = install;
				SECTORDER_FLAGS = "";
				SYMROOT = /Users/elliotfiske/animation/3_lab;
				USE_HEADERMAP = NO;
				WARNING_CFLAGS = (
					"-Wmost",
					"-Wno-four-char-constants",
					"-Wno-unknown-pragmas",
					"$(inherited)",
				);
			};
			name = Release;
		};
		B140A822F25246CC8A2C1AC8 /* Debug */ = {
			isa = XCBuildConfiguration;
			buildSettings = {
				COMBINE_HIDPI_IMAGES = YES;
				EXECUTABLE_PREFIX = "";
				EXECUTABLE_SUFFIX = "";
				GCC_GENERATE_DEBUGGING_SYMBOLS = YES;
				GCC_INLINES_ARE_PRIVATE_EXTERN = NO;
				GCC_OPTIMIZATION_LEVEL = 0;
				GCC_PREPROCESSOR_DEFINITIONS = "'CMAKE_INTDIR=\"$(CONFIGURATION)$(EFFECTIVE_PLATFORM_NAME)\"'";
				GCC_SYMBOLS_PRIVATE_EXTERN = NO;
				HEADER_SEARCH_PATHS = (
					/Users/elliotfiske/animation/deps/eigen,
					"/Users/elliotfiske/animation/deps/glfw-3.1.2/include",
					"/Users/elliotfiske/animation/deps/glew-1.13.0/include",
				);
				INSTALL_PATH = "";
				LIBRARY_SEARCH_PATHS = "";
				OTHER_CFLAGS = "    ";
				OTHER_CPLUSPLUSFLAGS = (
					"-std=c++0x",
					"-Wall",
					"-pedantic",
				);
				OTHER_LDFLAGS = (
					"-Wl,-search_paths_first",
					"-Wl,-headerpad_max_install_names",
					"/Users/elliotfiske/animation/deps/glfw-3.1.2/debug/src/Debug/libglfw3.a",
					"-framework",
					Cocoa,
					"-framework",
					OpenGL,
					"-framework",
					IOKit,
					"-framework",
					CoreFoundation,
					"-framework",
					CoreVideo,
					"/Users/elliotfiske/animation/deps/glew-1.13.0/lib/libGLEW.a",
					"-framework",
					OpenGL,
					"-framework",
					Cocoa,
					"-framework",
					IOKit,
					"-framework",
					CoreVideo,
				);
				OTHER_REZFLAGS = "";
				PRODUCT_NAME = Asgn1;
				SECTORDER_FLAGS = "";
				SYMROOT = /Users/elliotfiske/animation/3_lab;
				USE_HEADERMAP = NO;
				WARNING_CFLAGS = (
					"-Wmost",
					"-Wno-four-char-constants",
					"-Wno-unknown-pragmas",
					"$(inherited)",
				);
			};
			name = Debug;
		};
		BA227C068F4C479694BC62B6 /* Debug */ = {
			isa = XCBuildConfiguration;
			buildSettings = {
				COMBINE_HIDPI_IMAGES = YES;
				GCC_GENERATE_DEBUGGING_SYMBOLS = NO;
				GCC_INLINES_ARE_PRIVATE_EXTERN = NO;
				GCC_OPTIMIZATION_LEVEL = 0;
				GCC_PREPROCESSOR_DEFINITIONS = "'CMAKE_INTDIR=\"$(CONFIGURATION)$(EFFECTIVE_PLATFORM_NAME)\"'";
				GCC_SYMBOLS_PRIVATE_EXTERN = NO;
				HEADER_SEARCH_PATHS = (
					/Users/elliotfiske/animation/deps/eigen,
					"/Users/elliotfiske/animation/deps/glfw-3.1.2/include",
					"/Users/elliotfiske/animation/deps/glew-1.13.0/include",
				);
				INSTALL_PATH = "";
				OTHER_CFLAGS = "  ";
				OTHER_LDFLAGS = " ";
				OTHER_REZFLAGS = "";
				PRODUCT_NAME = ALL_BUILD;
				SECTORDER_FLAGS = "";
				SYMROOT = /Users/elliotfiske/animation/3_lab;
				USE_HEADERMAP = NO;
				WARNING_CFLAGS = (
					"-Wmost",
					"-Wno-four-char-constants",
					"-Wno-unknown-pragmas",
					"$(inherited)",
				);
			};
			name = Debug;
		};
		C150B76049154E9DBAE1ED4E /* MinSizeRel */ = {
			isa = XCBuildConfiguration;
			buildSettings = {
				COMBINE_HIDPI_IMAGES = YES;
				EXECUTABLE_PREFIX = "";
				EXECUTABLE_SUFFIX = "";
				GCC_GENERATE_DEBUGGING_SYMBOLS = NO;
				GCC_INLINES_ARE_PRIVATE_EXTERN = NO;
				GCC_OPTIMIZATION_LEVEL = s;
				GCC_PREPROCESSOR_DEFINITIONS = "'CMAKE_INTDIR=\"$(CONFIGURATION)$(EFFECTIVE_PLATFORM_NAME)\"'";
				GCC_SYMBOLS_PRIVATE_EXTERN = NO;
				HEADER_SEARCH_PATHS = (
					/Users/elliotfiske/animation/deps/eigen,
					"/Users/elliotfiske/animation/deps/glfw-3.1.2/include",
					"/Users/elliotfiske/animation/deps/glew-1.13.0/include",
				);
				INSTALL_PATH = "";
				LIBRARY_SEARCH_PATHS = "";
				OTHER_CFLAGS = "    -DNDEBUG  ";
				OTHER_CPLUSPLUSFLAGS = (
					"-std=c++0x",
					"-Wall",
					"-pedantic",
					"-DNDEBUG",
				);
				OTHER_LDFLAGS = (
					"-Wl,-search_paths_first",
					"-Wl,-headerpad_max_install_names",
					"/Users/elliotfiske/animation/deps/glfw-3.1.2/debug/src/MinSizeRel/libglfw3.a",
					"-framework",
					Cocoa,
					"-framework",
					OpenGL,
					"-framework",
					IOKit,
					"-framework",
					CoreFoundation,
					"-framework",
					CoreVideo,
					"/Users/elliotfiske/animation/deps/glew-1.13.0/lib/libGLEW.a",
					"-framework",
					OpenGL,
					"-framework",
					Cocoa,
					"-framework",
					IOKit,
					"-framework",
					CoreVideo,
				);
				OTHER_REZFLAGS = "";
				PRODUCT_NAME = Asgn1;
				SECTORDER_FLAGS = "";
				SYMROOT = /Users/elliotfiske/animation/3_lab;
				USE_HEADERMAP = NO;
				WARNING_CFLAGS = (
					"-Wmost",
					"-Wno-four-char-constants",
					"-Wno-unknown-pragmas",
					"$(inherited)",
				);
			};
			name = MinSizeRel;
		};
		C31A3ADFC7B049E2B8212CA8 /* Release */ = {
			isa = XCBuildConfiguration;
			buildSettings = {
				COMBINE_HIDPI_IMAGES = YES;
				GCC_GENERATE_DEBUGGING_SYMBOLS = NO;
				GCC_INLINES_ARE_PRIVATE_EXTERN = NO;
				GCC_OPTIMIZATION_LEVEL = 0;
				GCC_PREPROCESSOR_DEFINITIONS = "'CMAKE_INTDIR=\"$(CONFIGURATION)$(EFFECTIVE_PLATFORM_NAME)\"'";
				GCC_SYMBOLS_PRIVATE_EXTERN = NO;
				HEADER_SEARCH_PATHS = /Users/elliotfiske/animation/deps/eigen;
				INSTALL_PATH = "";
				OTHER_CFLAGS = "   -Wall";
				OTHER_LDFLAGS = " ";
				OTHER_REZFLAGS = "";
				PRODUCT_NAME = uninstall;
				SECTORDER_FLAGS = "";
				SYMROOT = "/Users/elliotfiske/animation/deps/glfw-3.1.2/debug";
				USE_HEADERMAP = NO;
				WARNING_CFLAGS = (
					"-Wmost",
					"-Wno-four-char-constants",
					"-Wno-unknown-pragmas",
					"$(inherited)",
				);
			};
			name = Release;
		};
		DB731D8005264F348BD77E32 /* Release */ = {
			isa = XCBuildConfiguration;
			buildSettings = {
				COMBINE_HIDPI_IMAGES = YES;
				GCC_GENERATE_DEBUGGING_SYMBOLS = NO;
				GCC_INLINES_ARE_PRIVATE_EXTERN = NO;
				GCC_OPTIMIZATION_LEVEL = 0;
				GCC_PREPROCESSOR_DEFINITIONS = "'CMAKE_INTDIR=\"$(CONFIGURATION)$(EFFECTIVE_PLATFORM_NAME)\"'";
				GCC_SYMBOLS_PRIVATE_EXTERN = NO;
				HEADER_SEARCH_PATHS = (
					/Users/elliotfiske/animation/deps/eigen,
					"/Users/elliotfiske/animation/deps/glfw-3.1.2/include",
					"/Users/elliotfiske/animation/deps/glew-1.13.0/include",
				);
				INSTALL_PATH = "";
				OTHER_CFLAGS = "  ";
				OTHER_LDFLAGS = " ";
				OTHER_REZFLAGS = "";
				PRODUCT_NAME = ALL_BUILD;
				SECTORDER_FLAGS = "";
				SYMROOT = /Users/elliotfiske/animation/3_lab;
				USE_HEADERMAP = NO;
				WARNING_CFLAGS = (
					"-Wmost",
					"-Wno-four-char-constants",
					"-Wno-unknown-pragmas",
					"$(inherited)",
				);
			};
			name = Release;
		};
		DD65A9B5809849B390AFB2F1 /* RelWithDebInfo */ = {
			isa = XCBuildConfiguration;
			buildSettings = {
				ARCHS = "$(ARCHS_STANDARD_32_64_BIT)";
				MACOSX_DEPLOYMENT_TARGET = 10.10;
				ONLY_ACTIVE_ARCH = YES;
				SDKROOT = /Applications/Xcode.app/Contents/Developer/Platforms/MacOSX.platform/Developer/SDKs/MacOSX10.11.sdk;
				SYMROOT = /Users/elliotfiske/animation/3_lab/build;
			};
			name = RelWithDebInfo;
		};
		E0C0973BB750469A885BE619 /* Release */ = {
			isa = XCBuildConfiguration;
			buildSettings = {
				ARCHS = "$(ARCHS_STANDARD_32_64_BIT)";
				MACOSX_DEPLOYMENT_TARGET = 10.10;
				ONLY_ACTIVE_ARCH = YES;
				SDKROOT = /Applications/Xcode.app/Contents/Developer/Platforms/MacOSX.platform/Developer/SDKs/MacOSX10.11.sdk;
				SYMROOT = /Users/elliotfiske/animation/3_lab/build;
			};
			name = Release;
		};
		E9892C6B46494BEB8886E9E8 /* RelWithDebInfo */ = {
			isa = XCBuildConfiguration;
			buildSettings = {
				COMBINE_HIDPI_IMAGES = YES;
				GCC_GENERATE_DEBUGGING_SYMBOLS = NO;
				GCC_INLINES_ARE_PRIVATE_EXTERN = NO;
				GCC_OPTIMIZATION_LEVEL = 0;
				GCC_PREPROCESSOR_DEFINITIONS = "'CMAKE_INTDIR=\"$(CONFIGURATION)$(EFFECTIVE_PLATFORM_NAME)\"'";
				GCC_SYMBOLS_PRIVATE_EXTERN = NO;
				HEADER_SEARCH_PATHS = (
					/Users/elliotfiske/animation/deps/eigen,
					"/Users/elliotfiske/animation/deps/glfw-3.1.2/include",
					"/Users/elliotfiske/animation/deps/glew-1.13.0/include",
				);
				INSTALL_PATH = "";
				OTHER_CFLAGS = "  ";
				OTHER_LDFLAGS = " ";
				OTHER_REZFLAGS = "";
				PRODUCT_NAME = install;
				SECTORDER_FLAGS = "";
				SYMROOT = /Users/elliotfiske/animation/3_lab;
				USE_HEADERMAP = NO;
				WARNING_CFLAGS = (
					"-Wmost",
					"-Wno-four-char-constants",
					"-Wno-unknown-pragmas",
					"$(inherited)",
				);
			};
			name = RelWithDebInfo;
		};
/* End XCBuildConfiguration section */

/* Begin XCConfigurationList section */
		0B59D05051B342FFA8D35C0E /* Build configuration list for PBXNativeTarget "glfw" */ = {
			isa = XCConfigurationList;
			buildConfigurations = (
				7FB8DD38086946EAA3A0C2CE /* Debug */,
				46D3D5DBEA184855A77C4FB6 /* Release */,
				785D6A1F83D24DC69123E5EC /* MinSizeRel */,
				62D9454225EA45E185BEDF96 /* RelWithDebInfo */,
			);
			defaultConfigurationIsVisible = 0;
			defaultConfigurationName = Debug;
		};
		0DE40AECBF7B454684933503 /* Build configuration list for PBXAggregateTarget "ALL_BUILD" */ = {
			isa = XCConfigurationList;
			buildConfigurations = (
				BA227C068F4C479694BC62B6 /* Debug */,
				DB731D8005264F348BD77E32 /* Release */,
				A4C003E786F146418AC6D45B /* MinSizeRel */,
				97B5DEF3388A495B9F320777 /* RelWithDebInfo */,
			);
			defaultConfigurationIsVisible = 0;
			defaultConfigurationName = Debug;
		};
		0DF8BD6025D7484BB518A4B9 /* Build configuration list for PBXNativeTarget "Asgn1" */ = {
			isa = XCConfigurationList;
			buildConfigurations = (
				B140A822F25246CC8A2C1AC8 /* Debug */,
				A7C718CB08304D35A1E920DB /* Release */,
				C150B76049154E9DBAE1ED4E /* MinSizeRel */,
				AC14BBF1699D48B68DE27988 /* RelWithDebInfo */,
			);
			defaultConfigurationIsVisible = 0;
			defaultConfigurationName = Debug;
		};
		30C10AAB24A845B9B94EE728 /* Build configuration list for PBXProject "Asgn1" */ = {
			isa = XCConfigurationList;
			buildConfigurations = (
				55D9E7F9B01D41F697C4EB88 /* Debug */,
				E0C0973BB750469A885BE619 /* Release */,
				2060FEC5D7714D6F9311113C /* MinSizeRel */,
				DD65A9B5809849B390AFB2F1 /* RelWithDebInfo */,
			);
			defaultConfigurationIsVisible = 0;
			defaultConfigurationName = Debug;
		};
		376DD35235214F25B59AEA7A /* Build configuration list for PBXAggregateTarget "uninstall" */ = {
			isa = XCConfigurationList;
			buildConfigurations = (
				37203BCFCAAC4A4286E1335D /* Debug */,
				C31A3ADFC7B049E2B8212CA8 /* Release */,
				3AC5DA6C847E4970A54073E8 /* MinSizeRel */,
				1257A07225B946958F5E4360 /* RelWithDebInfo */,
			);
			defaultConfigurationIsVisible = 0;
			defaultConfigurationName = Debug;
		};
		75AE2A5C1D954F33AB102F24 /* Build configuration list for PBXAggregateTarget "ZERO_CHECK" */ = {
			isa = XCConfigurationList;
			buildConfigurations = (
				070840A6239D43538F563FFE /* Debug */,
				637BB729B1D548A09352577A /* Release */,
				7E6F288F707A45D9825A7470 /* MinSizeRel */,
				3FED5113D19143B69D4047DB /* RelWithDebInfo */,
			);
			defaultConfigurationIsVisible = 0;
			defaultConfigurationName = Debug;
		};
		8955530524DD43D1AC899520 /* Build configuration list for PBXAggregateTarget "install" */ = {
			isa = XCConfigurationList;
			buildConfigurations = (
				5CD8E93977454A7382EAE4DE /* Debug */,
				AD8298C4701E4BF38BED1353 /* Release */,
				9CD8DF7B3D3541268FEE548D /* MinSizeRel */,
				E9892C6B46494BEB8886E9E8 /* RelWithDebInfo */,
			);
			defaultConfigurationIsVisible = 0;
			defaultConfigurationName = Debug;
		};
/* End XCConfigurationList section */
	};
	rootObject = E274E8F59E4F4B098591AB06 /* Project object */;
}
